
Microsoft Visual Studio Solution File, Format Version 11.00
# Visual Studio 2010 Express for Windows Phone
Project("{FAE04EC0-301F-11D3-BF4B-00C04F79EFBC}") = "BumpSetSpike_WinPhone", "BumpSetSpike\BumpSetSpike\BumpSetSpike_WinPhone.csproj", "{5695A72A-B5D9-497D-BB23-911FFC28123F}"
	ProjectSection(ProjectDependencies) = postProject
		{72C0D2F2-EEB2-49BE-9E06-A2363D619A9E} = {72C0D2F2-EEB2-49BE-9E06-A2363D619A9E}
	EndProjectSection
EndProject
Project("{FAE04EC0-301F-11D3-BF4B-00C04F79EFBC}") = "BumpSetSpikeContent", "BumpSetSpike\BumpSetSpikeContent\BumpSetSpikeContent.contentproj", "{6BE30F98-F158-49C7-B2A4-EEE53B49506C}"
EndProject
Project("{FAE04EC0-301F-11D3-BF4B-00C04F79EFBC}") = "BumpSetSpikeContentDefs_WinPhone", "BumpSetSpikeContentDefs\BumpSetSpikeContentDefs_WinPhone.csproj", "{D139400F-ED92-4819-8290-47CB3FEC44B6}"
EndProject
Project("{FAE04EC0-301F-11D3-BF4B-00C04F79EFBC}") = "MBHEngineContentDefs_WinPhone", "MBHEngineContentDefs\MBHEngineContentDefs_WinPhone.csproj", "{72C0D2F2-EEB2-49BE-9E06-A2363D619A9E}"
EndProject
Project("{FAE04EC0-301F-11D3-BF4B-00C04F79EFBC}") = "MBHEngine_WinPhone", "MBHEngine\MBHEngine_WinPhone.csproj", "{61A977D1-549F-4B3E-9DEB-266D09A36D44}"
EndProject
Project("{FAE04EC0-301F-11D3-BF4B-00C04F79EFBC}") = "MBHEngineContent", "MBHEngine\Content\MBHEngineContent.contentproj", "{6DEDFF34-2E03-4847-863A-F03EA03352CD}"
EndProject
Project("{FAE04EC0-301F-11D3-BF4B-00C04F79EFBC}") = "MBHEngineContentDefs_Win", "MBHEngineContentDefs\MBHEngineContentDefs_Win.csproj", "{6E62B818-4D67-4D74-A3D7-90333DFDB8A7}"
EndProject
Project("{FAE04EC0-301F-11D3-BF4B-00C04F79EFBC}") = "MBHEngine_Win", "MBHEngine\MBHEngine_Win.csproj", "{C96F3CB2-B458-4868-B8FE-43261032498D}"
EndProject
Project("{FAE04EC0-301F-11D3-BF4B-00C04F79EFBC}") = "BumpSetSpikeContentDefs_Win", "BumpSetSpikeContentDefs\BumpSetSpikeContentDefs_Win.csproj", "{8CC40C62-20B4-414E-9766-4231BA9B032C}"
EndProject
Project("{FAE04EC0-301F-11D3-BF4B-00C04F79EFBC}") = "BumpSetSpike_Win", "BumpSetSpike\BumpSetSpike\BumpSetSpike_Win.csproj", "{C287FB09-F7BB-4FB0-BE6F-E62C04D0C4AC}"
EndProject
Project("{FAE04EC0-301F-11D3-BF4B-00C04F79EFBC}") = "BumpSetSpikeContent_Win", "BumpSetSpike\BumpSetSpikeContent\BumpSetSpikeContent_Win.contentproj", "{CCA77479-DECC-4499-A59C-502445CF0A63}"
EndProject
Project("{FAE04EC0-301F-11D3-BF4B-00C04F79EFBC}") = "MBHEngineContentDefs_MonoGL", "MBHEngineContentDefs\MBHEngineContentDefs_MonoGL.csproj", "{FB6DA875-C2AF-4703-A939-544B687C1209}"
EndProject
Project("{FAE04EC0-301F-11D3-BF4B-00C04F79EFBC}") = "MBHEngine_MonoGL", "MBHEngine\MBHEngine_MonoGL.csproj", "{1F1F0DD6-C33E-4534-B30E-CC8C929D0E42}"
EndProject
Project("{FAE04EC0-301F-11D3-BF4B-00C04F79EFBC}") = "BumpSetSpikeContentDefs_MonoGL", "BumpSetSpikeContentDefs\BumpSetSpikeContentDefs_MonoGL.csproj", "{7E3CFA59-8730-4A54-98AB-BBEF9B95C1B9}"
EndProject
Project("{FAE04EC0-301F-11D3-BF4B-00C04F79EFBC}") = "BumpSetSpike_MonoGL", "BumpSetSpike\BumpSetSpike\BumpSetSpike_MonoGL.csproj", "{2B697A5A-6F51-41A0-BD2D-DA22860FDAD6}"
EndProject
Global
	GlobalSection(SolutionConfigurationPlatforms) = preSolution
		Android|All - Build = Android|All - Build
		Android|All - Build and Deploy = Android|All - Build and Deploy
		Android|MonoGL - Build = Android|MonoGL - Build
		Android|WP - Build and Deploy = Android|WP - Build and Deploy
		Android|x86 - Build = Android|x86 - Build
		Debug|All - Build = Debug|All - Build
		Debug|All - Build and Deploy = Debug|All - Build and Deploy
		Debug|MonoGL - Build = Debug|MonoGL - Build
		Debug|WP - Build and Deploy = Debug|WP - Build and Deploy
		Debug|x86 - Build = Debug|x86 - Build
		iOS|All - Build = iOS|All - Build
		iOS|All - Build and Deploy = iOS|All - Build and Deploy
		iOS|MonoGL - Build = iOS|MonoGL - Build
		iOS|WP - Build and Deploy = iOS|WP - Build and Deploy
		iOS|x86 - Build = iOS|x86 - Build
		Linux|All - Build = Linux|All - Build
		Linux|All - Build and Deploy = Linux|All - Build and Deploy
		Linux|MonoGL - Build = Linux|MonoGL - Build
		Linux|WP - Build and Deploy = Linux|WP - Build and Deploy
		Linux|x86 - Build = Linux|x86 - Build
		OSX|All - Build = OSX|All - Build
		OSX|All - Build and Deploy = OSX|All - Build and Deploy
		OSX|MonoGL - Build = OSX|MonoGL - Build
		OSX|WP - Build and Deploy = OSX|WP - Build and Deploy
		OSX|x86 - Build = OSX|x86 - Build
		PSM|All - Build = PSM|All - Build
		PSM|All - Build and Deploy = PSM|All - Build and Deploy
		PSM|MonoGL - Build = PSM|MonoGL - Build
		PSM|WP - Build and Deploy = PSM|WP - Build and Deploy
		PSM|x86 - Build = PSM|x86 - Build
		Release|All - Build = Release|All - Build
		Release|All - Build and Deploy = Release|All - Build and Deploy
		Release|MonoGL - Build = Release|MonoGL - Build
		Release|WP - Build and Deploy = Release|WP - Build and Deploy
		Release|x86 - Build = Release|x86 - Build
		Tune|All - Build = Tune|All - Build
		Tune|All - Build and Deploy = Tune|All - Build and Deploy
		Tune|MonoGL - Build = Tune|MonoGL - Build
		Tune|WP - Build and Deploy = Tune|WP - Build and Deploy
		Tune|x86 - Build = Tune|x86 - Build
		Windows|All - Build = Windows|All - Build
		Windows|All - Build and Deploy = Windows|All - Build and Deploy
		Windows|MonoGL - Build = Windows|MonoGL - Build
		Windows|WP - Build and Deploy = Windows|WP - Build and Deploy
		Windows|x86 - Build = Windows|x86 - Build
		Windows8|All - Build = Windows8|All - Build
		Windows8|All - Build and Deploy = Windows8|All - Build and Deploy
		Windows8|MonoGL - Build = Windows8|MonoGL - Build
		Windows8|WP - Build and Deploy = Windows8|WP - Build and Deploy
		Windows8|x86 - Build = Windows8|x86 - Build
	EndGlobalSection
	GlobalSection(ProjectConfigurationPlatforms) = postSolution
		{5695A72A-B5D9-497D-BB23-911FFC28123F}.Android|All - Build.ActiveCfg = Tune|Windows Phone
		{5695A72A-B5D9-497D-BB23-911FFC28123F}.Android|All - Build and Deploy.ActiveCfg = Tune|Windows Phone
		{5695A72A-B5D9-497D-BB23-911FFC28123F}.Android|MonoGL - Build.ActiveCfg = Tune|Windows Phone
		{5695A72A-B5D9-497D-BB23-911FFC28123F}.Android|WP - Build and Deploy.ActiveCfg = Tune|Windows Phone
		{5695A72A-B5D9-497D-BB23-911FFC28123F}.Android|x86 - Build.ActiveCfg = Tune|Windows Phone
		{5695A72A-B5D9-497D-BB23-911FFC28123F}.Debug|All - Build.ActiveCfg = Debug|Windows Phone
		{5695A72A-B5D9-497D-BB23-911FFC28123F}.Debug|All - Build.Build.0 = Debug|Windows Phone
		{5695A72A-B5D9-497D-BB23-911FFC28123F}.Debug|All - Build and Deploy.ActiveCfg = Debug|Windows Phone
		{5695A72A-B5D9-497D-BB23-911FFC28123F}.Debug|All - Build and Deploy.Build.0 = Debug|Windows Phone
		{5695A72A-B5D9-497D-BB23-911FFC28123F}.Debug|All - Build and Deploy.Deploy.0 = Debug|Windows Phone
		{5695A72A-B5D9-497D-BB23-911FFC28123F}.Debug|MonoGL - Build.ActiveCfg = Debug|Windows Phone
		{5695A72A-B5D9-497D-BB23-911FFC28123F}.Debug|WP - Build and Deploy.ActiveCfg = Debug|Windows Phone
		{5695A72A-B5D9-497D-BB23-911FFC28123F}.Debug|WP - Build and Deploy.Build.0 = Debug|Windows Phone
		{5695A72A-B5D9-497D-BB23-911FFC28123F}.Debug|WP - Build and Deploy.Deploy.0 = Debug|Windows Phone
		{5695A72A-B5D9-497D-BB23-911FFC28123F}.Debug|x86 - Build.ActiveCfg = Debug|Windows Phone
		{5695A72A-B5D9-497D-BB23-911FFC28123F}.iOS|All - Build.ActiveCfg = Tune|Windows Phone
		{5695A72A-B5D9-497D-BB23-911FFC28123F}.iOS|All - Build and Deploy.ActiveCfg = Tune|Windows Phone
		{5695A72A-B5D9-497D-BB23-911FFC28123F}.iOS|MonoGL - Build.ActiveCfg = Tune|Windows Phone
		{5695A72A-B5D9-497D-BB23-911FFC28123F}.iOS|WP - Build and Deploy.ActiveCfg = Tune|Windows Phone
		{5695A72A-B5D9-497D-BB23-911FFC28123F}.iOS|x86 - Build.ActiveCfg = Tune|Windows Phone
		{5695A72A-B5D9-497D-BB23-911FFC28123F}.Linux|All - Build.ActiveCfg = Tune|Windows Phone
		{5695A72A-B5D9-497D-BB23-911FFC28123F}.Linux|All - Build and Deploy.ActiveCfg = Tune|Windows Phone
		{5695A72A-B5D9-497D-BB23-911FFC28123F}.Linux|MonoGL - Build.ActiveCfg = Tune|Windows Phone
		{5695A72A-B5D9-497D-BB23-911FFC28123F}.Linux|WP - Build and Deploy.ActiveCfg = Tune|Windows Phone
		{5695A72A-B5D9-497D-BB23-911FFC28123F}.Linux|x86 - Build.ActiveCfg = Tune|Windows Phone
		{5695A72A-B5D9-497D-BB23-911FFC28123F}.OSX|All - Build.ActiveCfg = Tune|Windows Phone
		{5695A72A-B5D9-497D-BB23-911FFC28123F}.OSX|All - Build and Deploy.ActiveCfg = Tune|Windows Phone
		{5695A72A-B5D9-497D-BB23-911FFC28123F}.OSX|MonoGL - Build.ActiveCfg = Tune|Windows Phone
		{5695A72A-B5D9-497D-BB23-911FFC28123F}.OSX|WP - Build and Deploy.ActiveCfg = Tune|Windows Phone
		{5695A72A-B5D9-497D-BB23-911FFC28123F}.OSX|x86 - Build.ActiveCfg = Tune|Windows Phone
		{5695A72A-B5D9-497D-BB23-911FFC28123F}.PSM|All - Build.ActiveCfg = Tune|Windows Phone
		{5695A72A-B5D9-497D-BB23-911FFC28123F}.PSM|All - Build and Deploy.ActiveCfg = Tune|Windows Phone
		{5695A72A-B5D9-497D-BB23-911FFC28123F}.PSM|MonoGL - Build.ActiveCfg = Tune|Windows Phone
		{5695A72A-B5D9-497D-BB23-911FFC28123F}.PSM|WP - Build and Deploy.ActiveCfg = Tune|Windows Phone
		{5695A72A-B5D9-497D-BB23-911FFC28123F}.PSM|x86 - Build.ActiveCfg = Tune|Windows Phone
		{5695A72A-B5D9-497D-BB23-911FFC28123F}.Release|All - Build.ActiveCfg = Release|Windows Phone
		{5695A72A-B5D9-497D-BB23-911FFC28123F}.Release|All - Build.Build.0 = Release|Windows Phone
		{5695A72A-B5D9-497D-BB23-911FFC28123F}.Release|All - Build and Deploy.ActiveCfg = Release|Windows Phone
		{5695A72A-B5D9-497D-BB23-911FFC28123F}.Release|All - Build and Deploy.Build.0 = Release|Windows Phone
		{5695A72A-B5D9-497D-BB23-911FFC28123F}.Release|All - Build and Deploy.Deploy.0 = Release|Windows Phone
		{5695A72A-B5D9-497D-BB23-911FFC28123F}.Release|MonoGL - Build.ActiveCfg = Release|Windows Phone
		{5695A72A-B5D9-497D-BB23-911FFC28123F}.Release|WP - Build and Deploy.ActiveCfg = Release|Windows Phone
		{5695A72A-B5D9-497D-BB23-911FFC28123F}.Release|WP - Build and Deploy.Build.0 = Release|Windows Phone
		{5695A72A-B5D9-497D-BB23-911FFC28123F}.Release|WP - Build and Deploy.Deploy.0 = Release|Windows Phone
		{5695A72A-B5D9-497D-BB23-911FFC28123F}.Release|x86 - Build.ActiveCfg = Release|Windows Phone
		{5695A72A-B5D9-497D-BB23-911FFC28123F}.Tune|All - Build.ActiveCfg = Tune|Windows Phone
		{5695A72A-B5D9-497D-BB23-911FFC28123F}.Tune|All - Build.Build.0 = Tune|Windows Phone
		{5695A72A-B5D9-497D-BB23-911FFC28123F}.Tune|All - Build and Deploy.ActiveCfg = Tune|Windows Phone
		{5695A72A-B5D9-497D-BB23-911FFC28123F}.Tune|All - Build and Deploy.Build.0 = Tune|Windows Phone
		{5695A72A-B5D9-497D-BB23-911FFC28123F}.Tune|All - Build and Deploy.Deploy.0 = Tune|Windows Phone
		{5695A72A-B5D9-497D-BB23-911FFC28123F}.Tune|MonoGL - Build.ActiveCfg = Tune|Windows Phone
		{5695A72A-B5D9-497D-BB23-911FFC28123F}.Tune|WP - Build and Deploy.ActiveCfg = Tune|Windows Phone
		{5695A72A-B5D9-497D-BB23-911FFC28123F}.Tune|WP - Build and Deploy.Build.0 = Tune|Windows Phone
		{5695A72A-B5D9-497D-BB23-911FFC28123F}.Tune|WP - Build and Deploy.Deploy.0 = Tune|Windows Phone
		{5695A72A-B5D9-497D-BB23-911FFC28123F}.Tune|x86 - Build.ActiveCfg = Tune|Windows Phone
		{5695A72A-B5D9-497D-BB23-911FFC28123F}.Windows|All - Build.ActiveCfg = Tune|Windows Phone
		{5695A72A-B5D9-497D-BB23-911FFC28123F}.Windows|All - Build and Deploy.ActiveCfg = Tune|Windows Phone
		{5695A72A-B5D9-497D-BB23-911FFC28123F}.Windows|MonoGL - Build.ActiveCfg = Tune|Windows Phone
		{5695A72A-B5D9-497D-BB23-911FFC28123F}.Windows|WP - Build and Deploy.ActiveCfg = Tune|Windows Phone
		{5695A72A-B5D9-497D-BB23-911FFC28123F}.Windows|x86 - Build.ActiveCfg = Tune|Windows Phone
		{5695A72A-B5D9-497D-BB23-911FFC28123F}.Windows8|All - Build.ActiveCfg = Tune|Windows Phone
		{5695A72A-B5D9-497D-BB23-911FFC28123F}.Windows8|All - Build and Deploy.ActiveCfg = Tune|Windows Phone
		{5695A72A-B5D9-497D-BB23-911FFC28123F}.Windows8|MonoGL - Build.ActiveCfg = Tune|Windows Phone
		{5695A72A-B5D9-497D-BB23-911FFC28123F}.Windows8|WP - Build and Deploy.ActiveCfg = Tune|Windows Phone
		{5695A72A-B5D9-497D-BB23-911FFC28123F}.Windows8|x86 - Build.ActiveCfg = Tune|Windows Phone
		{6BE30F98-F158-49C7-B2A4-EEE53B49506C}.Android|All - Build.ActiveCfg = Release|Windows Phone
		{6BE30F98-F158-49C7-B2A4-EEE53B49506C}.Android|All - Build and Deploy.ActiveCfg = Release|Windows Phone
		{6BE30F98-F158-49C7-B2A4-EEE53B49506C}.Android|MonoGL - Build.ActiveCfg = Release|Windows Phone
		{6BE30F98-F158-49C7-B2A4-EEE53B49506C}.Android|WP - Build and Deploy.ActiveCfg = Release|Windows Phone
		{6BE30F98-F158-49C7-B2A4-EEE53B49506C}.Android|x86 - Build.ActiveCfg = Release|Windows Phone
		{6BE30F98-F158-49C7-B2A4-EEE53B49506C}.Debug|All - Build.ActiveCfg = Debug|Windows Phone
		{6BE30F98-F158-49C7-B2A4-EEE53B49506C}.Debug|All - Build and Deploy.ActiveCfg = Debug|Windows Phone
		{6BE30F98-F158-49C7-B2A4-EEE53B49506C}.Debug|MonoGL - Build.ActiveCfg = Debug|Windows Phone
		{6BE30F98-F158-49C7-B2A4-EEE53B49506C}.Debug|WP - Build and Deploy.ActiveCfg = Debug|Windows Phone
		{6BE30F98-F158-49C7-B2A4-EEE53B49506C}.Debug|x86 - Build.ActiveCfg = Debug|Windows Phone
		{6BE30F98-F158-49C7-B2A4-EEE53B49506C}.iOS|All - Build.ActiveCfg = Release|Windows Phone
		{6BE30F98-F158-49C7-B2A4-EEE53B49506C}.iOS|All - Build and Deploy.ActiveCfg = Release|Windows Phone
		{6BE30F98-F158-49C7-B2A4-EEE53B49506C}.iOS|MonoGL - Build.ActiveCfg = Release|Windows Phone
		{6BE30F98-F158-49C7-B2A4-EEE53B49506C}.iOS|WP - Build and Deploy.ActiveCfg = Release|Windows Phone
		{6BE30F98-F158-49C7-B2A4-EEE53B49506C}.iOS|x86 - Build.ActiveCfg = Release|Windows Phone
		{6BE30F98-F158-49C7-B2A4-EEE53B49506C}.Linux|All - Build.ActiveCfg = Release|Windows Phone
		{6BE30F98-F158-49C7-B2A4-EEE53B49506C}.Linux|All - Build and Deploy.ActiveCfg = Release|Windows Phone
		{6BE30F98-F158-49C7-B2A4-EEE53B49506C}.Linux|MonoGL - Build.ActiveCfg = Release|Windows Phone
		{6BE30F98-F158-49C7-B2A4-EEE53B49506C}.Linux|WP - Build and Deploy.ActiveCfg = Release|Windows Phone
		{6BE30F98-F158-49C7-B2A4-EEE53B49506C}.Linux|x86 - Build.ActiveCfg = Release|Windows Phone
		{6BE30F98-F158-49C7-B2A4-EEE53B49506C}.OSX|All - Build.ActiveCfg = Release|Windows Phone
		{6BE30F98-F158-49C7-B2A4-EEE53B49506C}.OSX|All - Build and Deploy.ActiveCfg = Release|Windows Phone
		{6BE30F98-F158-49C7-B2A4-EEE53B49506C}.OSX|MonoGL - Build.ActiveCfg = Release|Windows Phone
		{6BE30F98-F158-49C7-B2A4-EEE53B49506C}.OSX|WP - Build and Deploy.ActiveCfg = Release|Windows Phone
		{6BE30F98-F158-49C7-B2A4-EEE53B49506C}.OSX|x86 - Build.ActiveCfg = Release|Windows Phone
		{6BE30F98-F158-49C7-B2A4-EEE53B49506C}.PSM|All - Build.ActiveCfg = Release|Windows Phone
		{6BE30F98-F158-49C7-B2A4-EEE53B49506C}.PSM|All - Build and Deploy.ActiveCfg = Release|Windows Phone
		{6BE30F98-F158-49C7-B2A4-EEE53B49506C}.PSM|MonoGL - Build.ActiveCfg = Release|Windows Phone
		{6BE30F98-F158-49C7-B2A4-EEE53B49506C}.PSM|WP - Build and Deploy.ActiveCfg = Release|Windows Phone
		{6BE30F98-F158-49C7-B2A4-EEE53B49506C}.PSM|x86 - Build.ActiveCfg = Release|Windows Phone
		{6BE30F98-F158-49C7-B2A4-EEE53B49506C}.Release|All - Build.ActiveCfg = Release|Windows Phone
		{6BE30F98-F158-49C7-B2A4-EEE53B49506C}.Release|All - Build and Deploy.ActiveCfg = Release|Windows Phone
		{6BE30F98-F158-49C7-B2A4-EEE53B49506C}.Release|MonoGL - Build.ActiveCfg = Release|Windows Phone
		{6BE30F98-F158-49C7-B2A4-EEE53B49506C}.Release|WP - Build and Deploy.ActiveCfg = Release|Windows Phone
		{6BE30F98-F158-49C7-B2A4-EEE53B49506C}.Release|x86 - Build.ActiveCfg = Release|Windows Phone
		{6BE30F98-F158-49C7-B2A4-EEE53B49506C}.Tune|All - Build.ActiveCfg = Release|Windows Phone
		{6BE30F98-F158-49C7-B2A4-EEE53B49506C}.Tune|All - Build and Deploy.ActiveCfg = Release|Windows Phone
		{6BE30F98-F158-49C7-B2A4-EEE53B49506C}.Tune|MonoGL - Build.ActiveCfg = Release|Windows Phone
		{6BE30F98-F158-49C7-B2A4-EEE53B49506C}.Tune|WP - Build and Deploy.ActiveCfg = Release|Windows Phone
		{6BE30F98-F158-49C7-B2A4-EEE53B49506C}.Tune|x86 - Build.ActiveCfg = Release|Windows Phone
		{6BE30F98-F158-49C7-B2A4-EEE53B49506C}.Windows|All - Build.ActiveCfg = Release|Windows Phone
		{6BE30F98-F158-49C7-B2A4-EEE53B49506C}.Windows|All - Build and Deploy.ActiveCfg = Release|Windows Phone
		{6BE30F98-F158-49C7-B2A4-EEE53B49506C}.Windows|MonoGL - Build.ActiveCfg = Release|Windows Phone
		{6BE30F98-F158-49C7-B2A4-EEE53B49506C}.Windows|WP - Build and Deploy.ActiveCfg = Release|Windows Phone
		{6BE30F98-F158-49C7-B2A4-EEE53B49506C}.Windows|x86 - Build.ActiveCfg = Release|Windows Phone
		{6BE30F98-F158-49C7-B2A4-EEE53B49506C}.Windows8|All - Build.ActiveCfg = Release|Windows Phone
		{6BE30F98-F158-49C7-B2A4-EEE53B49506C}.Windows8|All - Build and Deploy.ActiveCfg = Release|Windows Phone
		{6BE30F98-F158-49C7-B2A4-EEE53B49506C}.Windows8|MonoGL - Build.ActiveCfg = Release|Windows Phone
		{6BE30F98-F158-49C7-B2A4-EEE53B49506C}.Windows8|WP - Build and Deploy.ActiveCfg = Release|Windows Phone
		{6BE30F98-F158-49C7-B2A4-EEE53B49506C}.Windows8|x86 - Build.ActiveCfg = Release|Windows Phone
		{D139400F-ED92-4819-8290-47CB3FEC44B6}.Android|All - Build.ActiveCfg = Tune|Windows Phone
		{D139400F-ED92-4819-8290-47CB3FEC44B6}.Android|All - Build and Deploy.ActiveCfg = Tune|Windows Phone
		{D139400F-ED92-4819-8290-47CB3FEC44B6}.Android|MonoGL - Build.ActiveCfg = Tune|Windows Phone
		{D139400F-ED92-4819-8290-47CB3FEC44B6}.Android|WP - Build and Deploy.ActiveCfg = Tune|Windows Phone
		{D139400F-ED92-4819-8290-47CB3FEC44B6}.Android|x86 - Build.ActiveCfg = Tune|Windows Phone
		{D139400F-ED92-4819-8290-47CB3FEC44B6}.Debug|All - Build.ActiveCfg = Debug|Windows Phone
		{D139400F-ED92-4819-8290-47CB3FEC44B6}.Debug|All - Build.Build.0 = Debug|Windows Phone
		{D139400F-ED92-4819-8290-47CB3FEC44B6}.Debug|All - Build and Deploy.ActiveCfg = Debug|Windows Phone
		{D139400F-ED92-4819-8290-47CB3FEC44B6}.Debug|All - Build and Deploy.Build.0 = Debug|Windows Phone
		{D139400F-ED92-4819-8290-47CB3FEC44B6}.Debug|MonoGL - Build.ActiveCfg = Debug|Windows Phone
		{D139400F-ED92-4819-8290-47CB3FEC44B6}.Debug|WP - Build and Deploy.ActiveCfg = Debug|Windows Phone
		{D139400F-ED92-4819-8290-47CB3FEC44B6}.Debug|WP - Build and Deploy.Build.0 = Debug|Windows Phone
		{D139400F-ED92-4819-8290-47CB3FEC44B6}.Debug|x86 - Build.ActiveCfg = Debug|Windows Phone
		{D139400F-ED92-4819-8290-47CB3FEC44B6}.iOS|All - Build.ActiveCfg = Tune|Windows Phone
		{D139400F-ED92-4819-8290-47CB3FEC44B6}.iOS|All - Build and Deploy.ActiveCfg = Tune|Windows Phone
		{D139400F-ED92-4819-8290-47CB3FEC44B6}.iOS|MonoGL - Build.ActiveCfg = Tune|Windows Phone
		{D139400F-ED92-4819-8290-47CB3FEC44B6}.iOS|WP - Build and Deploy.ActiveCfg = Tune|Windows Phone
		{D139400F-ED92-4819-8290-47CB3FEC44B6}.iOS|x86 - Build.ActiveCfg = Tune|Windows Phone
		{D139400F-ED92-4819-8290-47CB3FEC44B6}.Linux|All - Build.ActiveCfg = Tune|Windows Phone
		{D139400F-ED92-4819-8290-47CB3FEC44B6}.Linux|All - Build and Deploy.ActiveCfg = Tune|Windows Phone
		{D139400F-ED92-4819-8290-47CB3FEC44B6}.Linux|MonoGL - Build.ActiveCfg = Tune|Windows Phone
		{D139400F-ED92-4819-8290-47CB3FEC44B6}.Linux|WP - Build and Deploy.ActiveCfg = Tune|Windows Phone
		{D139400F-ED92-4819-8290-47CB3FEC44B6}.Linux|x86 - Build.ActiveCfg = Tune|Windows Phone
		{D139400F-ED92-4819-8290-47CB3FEC44B6}.OSX|All - Build.ActiveCfg = Tune|Windows Phone
		{D139400F-ED92-4819-8290-47CB3FEC44B6}.OSX|All - Build and Deploy.ActiveCfg = Tune|Windows Phone
		{D139400F-ED92-4819-8290-47CB3FEC44B6}.OSX|MonoGL - Build.ActiveCfg = Tune|Windows Phone
		{D139400F-ED92-4819-8290-47CB3FEC44B6}.OSX|WP - Build and Deploy.ActiveCfg = Tune|Windows Phone
		{D139400F-ED92-4819-8290-47CB3FEC44B6}.OSX|x86 - Build.ActiveCfg = Tune|Windows Phone
		{D139400F-ED92-4819-8290-47CB3FEC44B6}.PSM|All - Build.ActiveCfg = Tune|Windows Phone
		{D139400F-ED92-4819-8290-47CB3FEC44B6}.PSM|All - Build and Deploy.ActiveCfg = Tune|Windows Phone
		{D139400F-ED92-4819-8290-47CB3FEC44B6}.PSM|MonoGL - Build.ActiveCfg = Tune|Windows Phone
		{D139400F-ED92-4819-8290-47CB3FEC44B6}.PSM|WP - Build and Deploy.ActiveCfg = Tune|Windows Phone
		{D139400F-ED92-4819-8290-47CB3FEC44B6}.PSM|x86 - Build.ActiveCfg = Tune|Windows Phone
		{D139400F-ED92-4819-8290-47CB3FEC44B6}.Release|All - Build.ActiveCfg = Release|Windows Phone
		{D139400F-ED92-4819-8290-47CB3FEC44B6}.Release|All - Build.Build.0 = Release|Windows Phone
		{D139400F-ED92-4819-8290-47CB3FEC44B6}.Release|All - Build and Deploy.ActiveCfg = Release|Windows Phone
		{D139400F-ED92-4819-8290-47CB3FEC44B6}.Release|All - Build and Deploy.Build.0 = Release|Windows Phone
		{D139400F-ED92-4819-8290-47CB3FEC44B6}.Release|MonoGL - Build.ActiveCfg = Release|Windows Phone
		{D139400F-ED92-4819-8290-47CB3FEC44B6}.Release|WP - Build and Deploy.ActiveCfg = Release|Windows Phone
		{D139400F-ED92-4819-8290-47CB3FEC44B6}.Release|WP - Build and Deploy.Build.0 = Release|Windows Phone
		{D139400F-ED92-4819-8290-47CB3FEC44B6}.Release|x86 - Build.ActiveCfg = Release|Windows Phone
		{D139400F-ED92-4819-8290-47CB3FEC44B6}.Tune|All - Build.ActiveCfg = Tune|Windows Phone
		{D139400F-ED92-4819-8290-47CB3FEC44B6}.Tune|All - Build.Build.0 = Tune|Windows Phone
		{D139400F-ED92-4819-8290-47CB3FEC44B6}.Tune|All - Build and Deploy.ActiveCfg = Tune|Windows Phone
		{D139400F-ED92-4819-8290-47CB3FEC44B6}.Tune|All - Build and Deploy.Build.0 = Tune|Windows Phone
		{D139400F-ED92-4819-8290-47CB3FEC44B6}.Tune|MonoGL - Build.ActiveCfg = Tune|Windows Phone
		{D139400F-ED92-4819-8290-47CB3FEC44B6}.Tune|WP - Build and Deploy.ActiveCfg = Tune|Windows Phone
		{D139400F-ED92-4819-8290-47CB3FEC44B6}.Tune|WP - Build and Deploy.Build.0 = Tune|Windows Phone
		{D139400F-ED92-4819-8290-47CB3FEC44B6}.Tune|x86 - Build.ActiveCfg = Tune|Windows Phone
		{D139400F-ED92-4819-8290-47CB3FEC44B6}.Windows|All - Build.ActiveCfg = Tune|Windows Phone
		{D139400F-ED92-4819-8290-47CB3FEC44B6}.Windows|All - Build and Deploy.ActiveCfg = Tune|Windows Phone
		{D139400F-ED92-4819-8290-47CB3FEC44B6}.Windows|MonoGL - Build.ActiveCfg = Tune|Windows Phone
		{D139400F-ED92-4819-8290-47CB3FEC44B6}.Windows|WP - Build and Deploy.ActiveCfg = Tune|Windows Phone
		{D139400F-ED92-4819-8290-47CB3FEC44B6}.Windows|x86 - Build.ActiveCfg = Tune|Windows Phone
		{D139400F-ED92-4819-8290-47CB3FEC44B6}.Windows8|All - Build.ActiveCfg = Tune|Windows Phone
		{D139400F-ED92-4819-8290-47CB3FEC44B6}.Windows8|All - Build and Deploy.ActiveCfg = Tune|Windows Phone
		{D139400F-ED92-4819-8290-47CB3FEC44B6}.Windows8|MonoGL - Build.ActiveCfg = Tune|Windows Phone
		{D139400F-ED92-4819-8290-47CB3FEC44B6}.Windows8|WP - Build and Deploy.ActiveCfg = Tune|Windows Phone
		{D139400F-ED92-4819-8290-47CB3FEC44B6}.Windows8|x86 - Build.ActiveCfg = Tune|Windows Phone
		{72C0D2F2-EEB2-49BE-9E06-A2363D619A9E}.Android|All - Build.ActiveCfg = Tune|Windows Phone
		{72C0D2F2-EEB2-49BE-9E06-A2363D619A9E}.Android|All - Build and Deploy.ActiveCfg = Tune|Windows Phone
		{72C0D2F2-EEB2-49BE-9E06-A2363D619A9E}.Android|MonoGL - Build.ActiveCfg = Tune|Windows Phone
		{72C0D2F2-EEB2-49BE-9E06-A2363D619A9E}.Android|WP - Build and Deploy.ActiveCfg = Tune|Windows Phone
		{72C0D2F2-EEB2-49BE-9E06-A2363D619A9E}.Android|x86 - Build.ActiveCfg = Tune|Windows Phone
		{72C0D2F2-EEB2-49BE-9E06-A2363D619A9E}.Debug|All - Build.ActiveCfg = Debug|Windows Phone
		{72C0D2F2-EEB2-49BE-9E06-A2363D619A9E}.Debug|All - Build.Build.0 = Debug|Windows Phone
		{72C0D2F2-EEB2-49BE-9E06-A2363D619A9E}.Debug|All - Build and Deploy.ActiveCfg = Debug|Windows Phone
		{72C0D2F2-EEB2-49BE-9E06-A2363D619A9E}.Debug|All - Build and Deploy.Build.0 = Debug|Windows Phone
		{72C0D2F2-EEB2-49BE-9E06-A2363D619A9E}.Debug|MonoGL - Build.ActiveCfg = Debug|Windows Phone
		{72C0D2F2-EEB2-49BE-9E06-A2363D619A9E}.Debug|WP - Build and Deploy.ActiveCfg = Debug|Windows Phone
		{72C0D2F2-EEB2-49BE-9E06-A2363D619A9E}.Debug|WP - Build and Deploy.Build.0 = Debug|Windows Phone
		{72C0D2F2-EEB2-49BE-9E06-A2363D619A9E}.Debug|x86 - Build.ActiveCfg = Debug|Windows Phone
		{72C0D2F2-EEB2-49BE-9E06-A2363D619A9E}.iOS|All - Build.ActiveCfg = Tune|Windows Phone
		{72C0D2F2-EEB2-49BE-9E06-A2363D619A9E}.iOS|All - Build and Deploy.ActiveCfg = Tune|Windows Phone
		{72C0D2F2-EEB2-49BE-9E06-A2363D619A9E}.iOS|MonoGL - Build.ActiveCfg = Tune|Windows Phone
		{72C0D2F2-EEB2-49BE-9E06-A2363D619A9E}.iOS|WP - Build and Deploy.ActiveCfg = Tune|Windows Phone
		{72C0D2F2-EEB2-49BE-9E06-A2363D619A9E}.iOS|x86 - Build.ActiveCfg = Tune|Windows Phone
		{72C0D2F2-EEB2-49BE-9E06-A2363D619A9E}.Linux|All - Build.ActiveCfg = Tune|Windows Phone
		{72C0D2F2-EEB2-49BE-9E06-A2363D619A9E}.Linux|All - Build and Deploy.ActiveCfg = Tune|Windows Phone
		{72C0D2F2-EEB2-49BE-9E06-A2363D619A9E}.Linux|MonoGL - Build.ActiveCfg = Tune|Windows Phone
		{72C0D2F2-EEB2-49BE-9E06-A2363D619A9E}.Linux|WP - Build and Deploy.ActiveCfg = Tune|Windows Phone
		{72C0D2F2-EEB2-49BE-9E06-A2363D619A9E}.Linux|x86 - Build.ActiveCfg = Tune|Windows Phone
		{72C0D2F2-EEB2-49BE-9E06-A2363D619A9E}.OSX|All - Build.ActiveCfg = Tune|Windows Phone
		{72C0D2F2-EEB2-49BE-9E06-A2363D619A9E}.OSX|All - Build and Deploy.ActiveCfg = Tune|Windows Phone
		{72C0D2F2-EEB2-49BE-9E06-A2363D619A9E}.OSX|MonoGL - Build.ActiveCfg = Tune|Windows Phone
		{72C0D2F2-EEB2-49BE-9E06-A2363D619A9E}.OSX|WP - Build and Deploy.ActiveCfg = Tune|Windows Phone
		{72C0D2F2-EEB2-49BE-9E06-A2363D619A9E}.OSX|x86 - Build.ActiveCfg = Tune|Windows Phone
		{72C0D2F2-EEB2-49BE-9E06-A2363D619A9E}.PSM|All - Build.ActiveCfg = Tune|Windows Phone
		{72C0D2F2-EEB2-49BE-9E06-A2363D619A9E}.PSM|All - Build and Deploy.ActiveCfg = Tune|Windows Phone
		{72C0D2F2-EEB2-49BE-9E06-A2363D619A9E}.PSM|MonoGL - Build.ActiveCfg = Tune|Windows Phone
		{72C0D2F2-EEB2-49BE-9E06-A2363D619A9E}.PSM|WP - Build and Deploy.ActiveCfg = Tune|Windows Phone
		{72C0D2F2-EEB2-49BE-9E06-A2363D619A9E}.PSM|x86 - Build.ActiveCfg = Tune|Windows Phone
		{72C0D2F2-EEB2-49BE-9E06-A2363D619A9E}.Release|All - Build.ActiveCfg = Release|Windows Phone
		{72C0D2F2-EEB2-49BE-9E06-A2363D619A9E}.Release|All - Build.Build.0 = Release|Windows Phone
		{72C0D2F2-EEB2-49BE-9E06-A2363D619A9E}.Release|All - Build and Deploy.ActiveCfg = Release|Windows Phone
		{72C0D2F2-EEB2-49BE-9E06-A2363D619A9E}.Release|All - Build and Deploy.Build.0 = Release|Windows Phone
		{72C0D2F2-EEB2-49BE-9E06-A2363D619A9E}.Release|MonoGL - Build.ActiveCfg = Release|Windows Phone
		{72C0D2F2-EEB2-49BE-9E06-A2363D619A9E}.Release|WP - Build and Deploy.ActiveCfg = Release|Windows Phone
		{72C0D2F2-EEB2-49BE-9E06-A2363D619A9E}.Release|WP - Build and Deploy.Build.0 = Release|Windows Phone
		{72C0D2F2-EEB2-49BE-9E06-A2363D619A9E}.Release|x86 - Build.ActiveCfg = Release|Windows Phone
		{72C0D2F2-EEB2-49BE-9E06-A2363D619A9E}.Tune|All - Build.ActiveCfg = Tune|Windows Phone
		{72C0D2F2-EEB2-49BE-9E06-A2363D619A9E}.Tune|All - Build.Build.0 = Tune|Windows Phone
		{72C0D2F2-EEB2-49BE-9E06-A2363D619A9E}.Tune|All - Build and Deploy.ActiveCfg = Tune|Windows Phone
		{72C0D2F2-EEB2-49BE-9E06-A2363D619A9E}.Tune|All - Build and Deploy.Build.0 = Tune|Windows Phone
		{72C0D2F2-EEB2-49BE-9E06-A2363D619A9E}.Tune|MonoGL - Build.ActiveCfg = Tune|Windows Phone
		{72C0D2F2-EEB2-49BE-9E06-A2363D619A9E}.Tune|WP - Build and Deploy.ActiveCfg = Tune|Windows Phone
		{72C0D2F2-EEB2-49BE-9E06-A2363D619A9E}.Tune|WP - Build and Deploy.Build.0 = Tune|Windows Phone
		{72C0D2F2-EEB2-49BE-9E06-A2363D619A9E}.Tune|x86 - Build.ActiveCfg = Tune|Windows Phone
		{72C0D2F2-EEB2-49BE-9E06-A2363D619A9E}.Windows|All - Build.ActiveCfg = Tune|Windows Phone
		{72C0D2F2-EEB2-49BE-9E06-A2363D619A9E}.Windows|All - Build and Deploy.ActiveCfg = Tune|Windows Phone
		{72C0D2F2-EEB2-49BE-9E06-A2363D619A9E}.Windows|MonoGL - Build.ActiveCfg = Tune|Windows Phone
		{72C0D2F2-EEB2-49BE-9E06-A2363D619A9E}.Windows|WP - Build and Deploy.ActiveCfg = Tune|Windows Phone
		{72C0D2F2-EEB2-49BE-9E06-A2363D619A9E}.Windows|x86 - Build.ActiveCfg = Tune|Windows Phone
		{72C0D2F2-EEB2-49BE-9E06-A2363D619A9E}.Windows8|All - Build.ActiveCfg = Tune|Windows Phone
		{72C0D2F2-EEB2-49BE-9E06-A2363D619A9E}.Windows8|All - Build and Deploy.ActiveCfg = Tune|Windows Phone
		{72C0D2F2-EEB2-49BE-9E06-A2363D619A9E}.Windows8|MonoGL - Build.ActiveCfg = Tune|Windows Phone
		{72C0D2F2-EEB2-49BE-9E06-A2363D619A9E}.Windows8|WP - Build and Deploy.ActiveCfg = Tune|Windows Phone
		{72C0D2F2-EEB2-49BE-9E06-A2363D619A9E}.Windows8|x86 - Build.ActiveCfg = Tune|Windows Phone
		{61A977D1-549F-4B3E-9DEB-266D09A36D44}.Android|All - Build.ActiveCfg = Tune|Windows Phone
		{61A977D1-549F-4B3E-9DEB-266D09A36D44}.Android|All - Build and Deploy.ActiveCfg = Tune|Windows Phone
		{61A977D1-549F-4B3E-9DEB-266D09A36D44}.Android|MonoGL - Build.ActiveCfg = Tune|Windows Phone
		{61A977D1-549F-4B3E-9DEB-266D09A36D44}.Android|WP - Build and Deploy.ActiveCfg = Tune|Windows Phone
		{61A977D1-549F-4B3E-9DEB-266D09A36D44}.Android|x86 - Build.ActiveCfg = Tune|Windows Phone
		{61A977D1-549F-4B3E-9DEB-266D09A36D44}.Debug|All - Build.ActiveCfg = Debug|Windows Phone
		{61A977D1-549F-4B3E-9DEB-266D09A36D44}.Debug|All - Build.Build.0 = Debug|Windows Phone
		{61A977D1-549F-4B3E-9DEB-266D09A36D44}.Debug|All - Build and Deploy.ActiveCfg = Debug|Windows Phone
		{61A977D1-549F-4B3E-9DEB-266D09A36D44}.Debug|All - Build and Deploy.Build.0 = Debug|Windows Phone
		{61A977D1-549F-4B3E-9DEB-266D09A36D44}.Debug|MonoGL - Build.ActiveCfg = Debug|Windows Phone
		{61A977D1-549F-4B3E-9DEB-266D09A36D44}.Debug|WP - Build and Deploy.ActiveCfg = Debug|Windows Phone
		{61A977D1-549F-4B3E-9DEB-266D09A36D44}.Debug|WP - Build and Deploy.Build.0 = Debug|Windows Phone
		{61A977D1-549F-4B3E-9DEB-266D09A36D44}.Debug|x86 - Build.ActiveCfg = Debug|Windows Phone
		{61A977D1-549F-4B3E-9DEB-266D09A36D44}.iOS|All - Build.ActiveCfg = Tune|Windows Phone
		{61A977D1-549F-4B3E-9DEB-266D09A36D44}.iOS|All - Build and Deploy.ActiveCfg = Tune|Windows Phone
		{61A977D1-549F-4B3E-9DEB-266D09A36D44}.iOS|MonoGL - Build.ActiveCfg = Tune|Windows Phone
		{61A977D1-549F-4B3E-9DEB-266D09A36D44}.iOS|WP - Build and Deploy.ActiveCfg = Tune|Windows Phone
		{61A977D1-549F-4B3E-9DEB-266D09A36D44}.iOS|x86 - Build.ActiveCfg = Tune|Windows Phone
		{61A977D1-549F-4B3E-9DEB-266D09A36D44}.Linux|All - Build.ActiveCfg = Tune|Windows Phone
		{61A977D1-549F-4B3E-9DEB-266D09A36D44}.Linux|All - Build and Deploy.ActiveCfg = Tune|Windows Phone
		{61A977D1-549F-4B3E-9DEB-266D09A36D44}.Linux|MonoGL - Build.ActiveCfg = Tune|Windows Phone
		{61A977D1-549F-4B3E-9DEB-266D09A36D44}.Linux|WP - Build and Deploy.ActiveCfg = Tune|Windows Phone
		{61A977D1-549F-4B3E-9DEB-266D09A36D44}.Linux|x86 - Build.ActiveCfg = Tune|Windows Phone
		{61A977D1-549F-4B3E-9DEB-266D09A36D44}.OSX|All - Build.ActiveCfg = Tune|Windows Phone
		{61A977D1-549F-4B3E-9DEB-266D09A36D44}.OSX|All - Build and Deploy.ActiveCfg = Tune|Windows Phone
		{61A977D1-549F-4B3E-9DEB-266D09A36D44}.OSX|MonoGL - Build.ActiveCfg = Tune|Windows Phone
		{61A977D1-549F-4B3E-9DEB-266D09A36D44}.OSX|WP - Build and Deploy.ActiveCfg = Tune|Windows Phone
		{61A977D1-549F-4B3E-9DEB-266D09A36D44}.OSX|x86 - Build.ActiveCfg = Tune|Windows Phone
		{61A977D1-549F-4B3E-9DEB-266D09A36D44}.PSM|All - Build.ActiveCfg = Tune|Windows Phone
		{61A977D1-549F-4B3E-9DEB-266D09A36D44}.PSM|All - Build and Deploy.ActiveCfg = Tune|Windows Phone
		{61A977D1-549F-4B3E-9DEB-266D09A36D44}.PSM|MonoGL - Build.ActiveCfg = Tune|Windows Phone
		{61A977D1-549F-4B3E-9DEB-266D09A36D44}.PSM|WP - Build and Deploy.ActiveCfg = Tune|Windows Phone
		{61A977D1-549F-4B3E-9DEB-266D09A36D44}.PSM|x86 - Build.ActiveCfg = Tune|Windows Phone
		{61A977D1-549F-4B3E-9DEB-266D09A36D44}.Release|All - Build.ActiveCfg = Release|Windows Phone
		{61A977D1-549F-4B3E-9DEB-266D09A36D44}.Release|All - Build.Build.0 = Release|Windows Phone
		{61A977D1-549F-4B3E-9DEB-266D09A36D44}.Release|All - Build and Deploy.ActiveCfg = Release|Windows Phone
		{61A977D1-549F-4B3E-9DEB-266D09A36D44}.Release|All - Build and Deploy.Build.0 = Release|Windows Phone
		{61A977D1-549F-4B3E-9DEB-266D09A36D44}.Release|MonoGL - Build.ActiveCfg = Release|Windows Phone
		{61A977D1-549F-4B3E-9DEB-266D09A36D44}.Release|WP - Build and Deploy.ActiveCfg = Release|Windows Phone
		{61A977D1-549F-4B3E-9DEB-266D09A36D44}.Release|WP - Build and Deploy.Build.0 = Release|Windows Phone
		{61A977D1-549F-4B3E-9DEB-266D09A36D44}.Release|x86 - Build.ActiveCfg = Release|Windows Phone
		{61A977D1-549F-4B3E-9DEB-266D09A36D44}.Tune|All - Build.ActiveCfg = Tune|Windows Phone
		{61A977D1-549F-4B3E-9DEB-266D09A36D44}.Tune|All - Build.Build.0 = Tune|Windows Phone
		{61A977D1-549F-4B3E-9DEB-266D09A36D44}.Tune|All - Build and Deploy.ActiveCfg = Tune|Windows Phone
		{61A977D1-549F-4B3E-9DEB-266D09A36D44}.Tune|All - Build and Deploy.Build.0 = Tune|Windows Phone
		{61A977D1-549F-4B3E-9DEB-266D09A36D44}.Tune|MonoGL - Build.ActiveCfg = Tune|Windows Phone
		{61A977D1-549F-4B3E-9DEB-266D09A36D44}.Tune|WP - Build and Deploy.ActiveCfg = Tune|Windows Phone
		{61A977D1-549F-4B3E-9DEB-266D09A36D44}.Tune|WP - Build and Deploy.Build.0 = Tune|Windows Phone
		{61A977D1-549F-4B3E-9DEB-266D09A36D44}.Tune|x86 - Build.ActiveCfg = Tune|Windows Phone
		{61A977D1-549F-4B3E-9DEB-266D09A36D44}.Windows|All - Build.ActiveCfg = Tune|Windows Phone
		{61A977D1-549F-4B3E-9DEB-266D09A36D44}.Windows|All - Build and Deploy.ActiveCfg = Tune|Windows Phone
		{61A977D1-549F-4B3E-9DEB-266D09A36D44}.Windows|MonoGL - Build.ActiveCfg = Tune|Windows Phone
		{61A977D1-549F-4B3E-9DEB-266D09A36D44}.Windows|WP - Build and Deploy.ActiveCfg = Tune|Windows Phone
		{61A977D1-549F-4B3E-9DEB-266D09A36D44}.Windows|x86 - Build.ActiveCfg = Tune|Windows Phone
		{61A977D1-549F-4B3E-9DEB-266D09A36D44}.Windows8|All - Build.ActiveCfg = Tune|Windows Phone
		{61A977D1-549F-4B3E-9DEB-266D09A36D44}.Windows8|All - Build and Deploy.ActiveCfg = Tune|Windows Phone
		{61A977D1-549F-4B3E-9DEB-266D09A36D44}.Windows8|MonoGL - Build.ActiveCfg = Tune|Windows Phone
		{61A977D1-549F-4B3E-9DEB-266D09A36D44}.Windows8|WP - Build and Deploy.ActiveCfg = Tune|Windows Phone
		{61A977D1-549F-4B3E-9DEB-266D09A36D44}.Windows8|x86 - Build.ActiveCfg = Tune|Windows Phone
		{6DEDFF34-2E03-4847-863A-F03EA03352CD}.Android|All - Build.ActiveCfg = Release|x86
		{6DEDFF34-2E03-4847-863A-F03EA03352CD}.Android|All - Build and Deploy.ActiveCfg = Release|x86
		{6DEDFF34-2E03-4847-863A-F03EA03352CD}.Android|MonoGL - Build.ActiveCfg = Release|x86
		{6DEDFF34-2E03-4847-863A-F03EA03352CD}.Android|WP - Build and Deploy.ActiveCfg = Release|x86
		{6DEDFF34-2E03-4847-863A-F03EA03352CD}.Android|x86 - Build.ActiveCfg = Release|x86
		{6DEDFF34-2E03-4847-863A-F03EA03352CD}.Debug|All - Build.ActiveCfg = Debug|x86
		{6DEDFF34-2E03-4847-863A-F03EA03352CD}.Debug|All - Build and Deploy.ActiveCfg = Debug|x86
		{6DEDFF34-2E03-4847-863A-F03EA03352CD}.Debug|MonoGL - Build.ActiveCfg = Debug|x86
		{6DEDFF34-2E03-4847-863A-F03EA03352CD}.Debug|WP - Build and Deploy.ActiveCfg = Debug|x86
		{6DEDFF34-2E03-4847-863A-F03EA03352CD}.Debug|x86 - Build.ActiveCfg = Debug|x86
		{6DEDFF34-2E03-4847-863A-F03EA03352CD}.iOS|All - Build.ActiveCfg = Release|x86
		{6DEDFF34-2E03-4847-863A-F03EA03352CD}.iOS|All - Build and Deploy.ActiveCfg = Release|x86
		{6DEDFF34-2E03-4847-863A-F03EA03352CD}.iOS|MonoGL - Build.ActiveCfg = Release|x86
		{6DEDFF34-2E03-4847-863A-F03EA03352CD}.iOS|WP - Build and Deploy.ActiveCfg = Release|x86
		{6DEDFF34-2E03-4847-863A-F03EA03352CD}.iOS|x86 - Build.ActiveCfg = Release|x86
		{6DEDFF34-2E03-4847-863A-F03EA03352CD}.Linux|All - Build.ActiveCfg = Release|x86
		{6DEDFF34-2E03-4847-863A-F03EA03352CD}.Linux|All - Build and Deploy.ActiveCfg = Release|x86
		{6DEDFF34-2E03-4847-863A-F03EA03352CD}.Linux|MonoGL - Build.ActiveCfg = Release|x86
		{6DEDFF34-2E03-4847-863A-F03EA03352CD}.Linux|WP - Build and Deploy.ActiveCfg = Release|x86
		{6DEDFF34-2E03-4847-863A-F03EA03352CD}.Linux|x86 - Build.ActiveCfg = Release|x86
		{6DEDFF34-2E03-4847-863A-F03EA03352CD}.OSX|All - Build.ActiveCfg = Release|x86
		{6DEDFF34-2E03-4847-863A-F03EA03352CD}.OSX|All - Build and Deploy.ActiveCfg = Release|x86
		{6DEDFF34-2E03-4847-863A-F03EA03352CD}.OSX|MonoGL - Build.ActiveCfg = Release|x86
		{6DEDFF34-2E03-4847-863A-F03EA03352CD}.OSX|WP - Build and Deploy.ActiveCfg = Release|x86
		{6DEDFF34-2E03-4847-863A-F03EA03352CD}.OSX|x86 - Build.ActiveCfg = Release|x86
		{6DEDFF34-2E03-4847-863A-F03EA03352CD}.PSM|All - Build.ActiveCfg = Release|x86
		{6DEDFF34-2E03-4847-863A-F03EA03352CD}.PSM|All - Build and Deploy.ActiveCfg = Release|x86
		{6DEDFF34-2E03-4847-863A-F03EA03352CD}.PSM|MonoGL - Build.ActiveCfg = Release|x86
		{6DEDFF34-2E03-4847-863A-F03EA03352CD}.PSM|WP - Build and Deploy.ActiveCfg = Release|x86
		{6DEDFF34-2E03-4847-863A-F03EA03352CD}.PSM|x86 - Build.ActiveCfg = Release|x86
		{6DEDFF34-2E03-4847-863A-F03EA03352CD}.Release|All - Build.ActiveCfg = Release|x86
		{6DEDFF34-2E03-4847-863A-F03EA03352CD}.Release|All - Build and Deploy.ActiveCfg = Release|x86
		{6DEDFF34-2E03-4847-863A-F03EA03352CD}.Release|MonoGL - Build.ActiveCfg = Release|x86
		{6DEDFF34-2E03-4847-863A-F03EA03352CD}.Release|WP - Build and Deploy.ActiveCfg = Release|x86
		{6DEDFF34-2E03-4847-863A-F03EA03352CD}.Release|x86 - Build.ActiveCfg = Release|x86
		{6DEDFF34-2E03-4847-863A-F03EA03352CD}.Tune|All - Build.ActiveCfg = Release|x86
		{6DEDFF34-2E03-4847-863A-F03EA03352CD}.Tune|All - Build and Deploy.ActiveCfg = Release|x86
		{6DEDFF34-2E03-4847-863A-F03EA03352CD}.Tune|MonoGL - Build.ActiveCfg = Release|x86
		{6DEDFF34-2E03-4847-863A-F03EA03352CD}.Tune|WP - Build and Deploy.ActiveCfg = Release|x86
		{6DEDFF34-2E03-4847-863A-F03EA03352CD}.Tune|x86 - Build.ActiveCfg = Release|x86
		{6DEDFF34-2E03-4847-863A-F03EA03352CD}.Windows|All - Build.ActiveCfg = Release|x86
		{6DEDFF34-2E03-4847-863A-F03EA03352CD}.Windows|All - Build and Deploy.ActiveCfg = Release|x86
		{6DEDFF34-2E03-4847-863A-F03EA03352CD}.Windows|MonoGL - Build.ActiveCfg = Release|x86
		{6DEDFF34-2E03-4847-863A-F03EA03352CD}.Windows|WP - Build and Deploy.ActiveCfg = Release|x86
		{6DEDFF34-2E03-4847-863A-F03EA03352CD}.Windows|x86 - Build.ActiveCfg = Release|x86
		{6DEDFF34-2E03-4847-863A-F03EA03352CD}.Windows8|All - Build.ActiveCfg = Release|x86
		{6DEDFF34-2E03-4847-863A-F03EA03352CD}.Windows8|All - Build and Deploy.ActiveCfg = Release|x86
		{6DEDFF34-2E03-4847-863A-F03EA03352CD}.Windows8|MonoGL - Build.ActiveCfg = Release|x86
		{6DEDFF34-2E03-4847-863A-F03EA03352CD}.Windows8|WP - Build and Deploy.ActiveCfg = Release|x86
		{6DEDFF34-2E03-4847-863A-F03EA03352CD}.Windows8|x86 - Build.ActiveCfg = Release|x86
		{6E62B818-4D67-4D74-A3D7-90333DFDB8A7}.Android|All - Build.ActiveCfg = Tune|x86
		{6E62B818-4D67-4D74-A3D7-90333DFDB8A7}.Android|All - Build and Deploy.ActiveCfg = Tune|x86
		{6E62B818-4D67-4D74-A3D7-90333DFDB8A7}.Android|MonoGL - Build.ActiveCfg = Tune|x86
		{6E62B818-4D67-4D74-A3D7-90333DFDB8A7}.Android|WP - Build and Deploy.ActiveCfg = Tune|x86
		{6E62B818-4D67-4D74-A3D7-90333DFDB8A7}.Android|x86 - Build.ActiveCfg = Tune|x86
		{6E62B818-4D67-4D74-A3D7-90333DFDB8A7}.Debug|All - Build.ActiveCfg = Debug|x86
		{6E62B818-4D67-4D74-A3D7-90333DFDB8A7}.Debug|All - Build.Build.0 = Debug|x86
		{6E62B818-4D67-4D74-A3D7-90333DFDB8A7}.Debug|All - Build and Deploy.ActiveCfg = Debug|x86
		{6E62B818-4D67-4D74-A3D7-90333DFDB8A7}.Debug|All - Build and Deploy.Build.0 = Debug|x86
		{6E62B818-4D67-4D74-A3D7-90333DFDB8A7}.Debug|MonoGL - Build.ActiveCfg = Debug|x86
		{6E62B818-4D67-4D74-A3D7-90333DFDB8A7}.Debug|WP - Build and Deploy.ActiveCfg = Debug|x86
		{6E62B818-4D67-4D74-A3D7-90333DFDB8A7}.Debug|x86 - Build.ActiveCfg = Debug|x86
		{6E62B818-4D67-4D74-A3D7-90333DFDB8A7}.Debug|x86 - Build.Build.0 = Debug|x86
		{6E62B818-4D67-4D74-A3D7-90333DFDB8A7}.iOS|All - Build.ActiveCfg = Tune|x86
		{6E62B818-4D67-4D74-A3D7-90333DFDB8A7}.iOS|All - Build and Deploy.ActiveCfg = Tune|x86
		{6E62B818-4D67-4D74-A3D7-90333DFDB8A7}.iOS|MonoGL - Build.ActiveCfg = Tune|x86
		{6E62B818-4D67-4D74-A3D7-90333DFDB8A7}.iOS|WP - Build and Deploy.ActiveCfg = Tune|x86
		{6E62B818-4D67-4D74-A3D7-90333DFDB8A7}.iOS|x86 - Build.ActiveCfg = Tune|x86
		{6E62B818-4D67-4D74-A3D7-90333DFDB8A7}.Linux|All - Build.ActiveCfg = Tune|x86
		{6E62B818-4D67-4D74-A3D7-90333DFDB8A7}.Linux|All - Build and Deploy.ActiveCfg = Tune|x86
		{6E62B818-4D67-4D74-A3D7-90333DFDB8A7}.Linux|MonoGL - Build.ActiveCfg = Tune|x86
		{6E62B818-4D67-4D74-A3D7-90333DFDB8A7}.Linux|WP - Build and Deploy.ActiveCfg = Tune|x86
		{6E62B818-4D67-4D74-A3D7-90333DFDB8A7}.Linux|x86 - Build.ActiveCfg = Tune|x86
		{6E62B818-4D67-4D74-A3D7-90333DFDB8A7}.OSX|All - Build.ActiveCfg = Tune|x86
		{6E62B818-4D67-4D74-A3D7-90333DFDB8A7}.OSX|All - Build and Deploy.ActiveCfg = Tune|x86
		{6E62B818-4D67-4D74-A3D7-90333DFDB8A7}.OSX|MonoGL - Build.ActiveCfg = Tune|x86
		{6E62B818-4D67-4D74-A3D7-90333DFDB8A7}.OSX|WP - Build and Deploy.ActiveCfg = Tune|x86
		{6E62B818-4D67-4D74-A3D7-90333DFDB8A7}.OSX|x86 - Build.ActiveCfg = Tune|x86
		{6E62B818-4D67-4D74-A3D7-90333DFDB8A7}.PSM|All - Build.ActiveCfg = Tune|x86
		{6E62B818-4D67-4D74-A3D7-90333DFDB8A7}.PSM|All - Build and Deploy.ActiveCfg = Tune|x86
		{6E62B818-4D67-4D74-A3D7-90333DFDB8A7}.PSM|MonoGL - Build.ActiveCfg = Tune|x86
		{6E62B818-4D67-4D74-A3D7-90333DFDB8A7}.PSM|WP - Build and Deploy.ActiveCfg = Tune|x86
		{6E62B818-4D67-4D74-A3D7-90333DFDB8A7}.PSM|x86 - Build.ActiveCfg = Tune|x86
		{6E62B818-4D67-4D74-A3D7-90333DFDB8A7}.Release|All - Build.ActiveCfg = Release|x86
		{6E62B818-4D67-4D74-A3D7-90333DFDB8A7}.Release|All - Build.Build.0 = Release|x86
		{6E62B818-4D67-4D74-A3D7-90333DFDB8A7}.Release|All - Build and Deploy.ActiveCfg = Release|x86
		{6E62B818-4D67-4D74-A3D7-90333DFDB8A7}.Release|All - Build and Deploy.Build.0 = Release|x86
		{6E62B818-4D67-4D74-A3D7-90333DFDB8A7}.Release|MonoGL - Build.ActiveCfg = Release|x86
		{6E62B818-4D67-4D74-A3D7-90333DFDB8A7}.Release|WP - Build and Deploy.ActiveCfg = Release|x86
		{6E62B818-4D67-4D74-A3D7-90333DFDB8A7}.Release|x86 - Build.ActiveCfg = Release|x86
		{6E62B818-4D67-4D74-A3D7-90333DFDB8A7}.Release|x86 - Build.Build.0 = Release|x86
		{6E62B818-4D67-4D74-A3D7-90333DFDB8A7}.Tune|All - Build.ActiveCfg = Tune|x86
		{6E62B818-4D67-4D74-A3D7-90333DFDB8A7}.Tune|All - Build.Build.0 = Tune|x86
		{6E62B818-4D67-4D74-A3D7-90333DFDB8A7}.Tune|All - Build and Deploy.ActiveCfg = Tune|x86
		{6E62B818-4D67-4D74-A3D7-90333DFDB8A7}.Tune|All - Build and Deploy.Build.0 = Tune|x86
		{6E62B818-4D67-4D74-A3D7-90333DFDB8A7}.Tune|MonoGL - Build.ActiveCfg = Tune|x86
		{6E62B818-4D67-4D74-A3D7-90333DFDB8A7}.Tune|WP - Build and Deploy.ActiveCfg = Tune|x86
		{6E62B818-4D67-4D74-A3D7-90333DFDB8A7}.Tune|x86 - Build.ActiveCfg = Tune|x86
		{6E62B818-4D67-4D74-A3D7-90333DFDB8A7}.Tune|x86 - Build.Build.0 = Tune|x86
		{6E62B818-4D67-4D74-A3D7-90333DFDB8A7}.Windows|All - Build.ActiveCfg = Tune|x86
		{6E62B818-4D67-4D74-A3D7-90333DFDB8A7}.Windows|All - Build and Deploy.ActiveCfg = Tune|x86
		{6E62B818-4D67-4D74-A3D7-90333DFDB8A7}.Windows|MonoGL - Build.ActiveCfg = Tune|x86
		{6E62B818-4D67-4D74-A3D7-90333DFDB8A7}.Windows|WP - Build and Deploy.ActiveCfg = Tune|x86
		{6E62B818-4D67-4D74-A3D7-90333DFDB8A7}.Windows|x86 - Build.ActiveCfg = Tune|x86
		{6E62B818-4D67-4D74-A3D7-90333DFDB8A7}.Windows8|All - Build.ActiveCfg = Tune|x86
		{6E62B818-4D67-4D74-A3D7-90333DFDB8A7}.Windows8|All - Build and Deploy.ActiveCfg = Tune|x86
		{6E62B818-4D67-4D74-A3D7-90333DFDB8A7}.Windows8|MonoGL - Build.ActiveCfg = Tune|x86
		{6E62B818-4D67-4D74-A3D7-90333DFDB8A7}.Windows8|WP - Build and Deploy.ActiveCfg = Tune|x86
		{6E62B818-4D67-4D74-A3D7-90333DFDB8A7}.Windows8|x86 - Build.ActiveCfg = Tune|x86
		{C96F3CB2-B458-4868-B8FE-43261032498D}.Android|All - Build.ActiveCfg = Tune|x86
		{C96F3CB2-B458-4868-B8FE-43261032498D}.Android|All - Build and Deploy.ActiveCfg = Tune|x86
		{C96F3CB2-B458-4868-B8FE-43261032498D}.Android|MonoGL - Build.ActiveCfg = Tune|x86
		{C96F3CB2-B458-4868-B8FE-43261032498D}.Android|WP - Build and Deploy.ActiveCfg = Tune|x86
		{C96F3CB2-B458-4868-B8FE-43261032498D}.Android|x86 - Build.ActiveCfg = Tune|x86
		{C96F3CB2-B458-4868-B8FE-43261032498D}.Debug|All - Build.ActiveCfg = Debug|x86
		{C96F3CB2-B458-4868-B8FE-43261032498D}.Debug|All - Build.Build.0 = Debug|x86
		{C96F3CB2-B458-4868-B8FE-43261032498D}.Debug|All - Build and Deploy.ActiveCfg = Debug|x86
		{C96F3CB2-B458-4868-B8FE-43261032498D}.Debug|All - Build and Deploy.Build.0 = Debug|x86
		{C96F3CB2-B458-4868-B8FE-43261032498D}.Debug|MonoGL - Build.ActiveCfg = Debug|x86
		{C96F3CB2-B458-4868-B8FE-43261032498D}.Debug|WP - Build and Deploy.ActiveCfg = Debug|x86
		{C96F3CB2-B458-4868-B8FE-43261032498D}.Debug|x86 - Build.ActiveCfg = Debug|x86
		{C96F3CB2-B458-4868-B8FE-43261032498D}.Debug|x86 - Build.Build.0 = Debug|x86
		{C96F3CB2-B458-4868-B8FE-43261032498D}.iOS|All - Build.ActiveCfg = Tune|x86
		{C96F3CB2-B458-4868-B8FE-43261032498D}.iOS|All - Build and Deploy.ActiveCfg = Tune|x86
		{C96F3CB2-B458-4868-B8FE-43261032498D}.iOS|MonoGL - Build.ActiveCfg = Tune|x86
		{C96F3CB2-B458-4868-B8FE-43261032498D}.iOS|WP - Build and Deploy.ActiveCfg = Tune|x86
		{C96F3CB2-B458-4868-B8FE-43261032498D}.iOS|x86 - Build.ActiveCfg = Tune|x86
		{C96F3CB2-B458-4868-B8FE-43261032498D}.Linux|All - Build.ActiveCfg = Tune|x86
		{C96F3CB2-B458-4868-B8FE-43261032498D}.Linux|All - Build and Deploy.ActiveCfg = Tune|x86
		{C96F3CB2-B458-4868-B8FE-43261032498D}.Linux|MonoGL - Build.ActiveCfg = Tune|x86
		{C96F3CB2-B458-4868-B8FE-43261032498D}.Linux|WP - Build and Deploy.ActiveCfg = Tune|x86
		{C96F3CB2-B458-4868-B8FE-43261032498D}.Linux|x86 - Build.ActiveCfg = Tune|x86
		{C96F3CB2-B458-4868-B8FE-43261032498D}.OSX|All - Build.ActiveCfg = Tune|x86
		{C96F3CB2-B458-4868-B8FE-43261032498D}.OSX|All - Build and Deploy.ActiveCfg = Tune|x86
		{C96F3CB2-B458-4868-B8FE-43261032498D}.OSX|MonoGL - Build.ActiveCfg = Tune|x86
		{C96F3CB2-B458-4868-B8FE-43261032498D}.OSX|WP - Build and Deploy.ActiveCfg = Tune|x86
		{C96F3CB2-B458-4868-B8FE-43261032498D}.OSX|x86 - Build.ActiveCfg = Tune|x86
		{C96F3CB2-B458-4868-B8FE-43261032498D}.PSM|All - Build.ActiveCfg = Tune|x86
		{C96F3CB2-B458-4868-B8FE-43261032498D}.PSM|All - Build and Deploy.ActiveCfg = Tune|x86
		{C96F3CB2-B458-4868-B8FE-43261032498D}.PSM|MonoGL - Build.ActiveCfg = Tune|x86
		{C96F3CB2-B458-4868-B8FE-43261032498D}.PSM|WP - Build and Deploy.ActiveCfg = Tune|x86
		{C96F3CB2-B458-4868-B8FE-43261032498D}.PSM|x86 - Build.ActiveCfg = Tune|x86
		{C96F3CB2-B458-4868-B8FE-43261032498D}.Release|All - Build.ActiveCfg = Release|x86
		{C96F3CB2-B458-4868-B8FE-43261032498D}.Release|All - Build.Build.0 = Release|x86
		{C96F3CB2-B458-4868-B8FE-43261032498D}.Release|All - Build and Deploy.ActiveCfg = Release|x86
		{C96F3CB2-B458-4868-B8FE-43261032498D}.Release|All - Build and Deploy.Build.0 = Release|x86
		{C96F3CB2-B458-4868-B8FE-43261032498D}.Release|MonoGL - Build.ActiveCfg = Release|x86
		{C96F3CB2-B458-4868-B8FE-43261032498D}.Release|WP - Build and Deploy.ActiveCfg = Release|x86
		{C96F3CB2-B458-4868-B8FE-43261032498D}.Release|x86 - Build.ActiveCfg = Release|x86
		{C96F3CB2-B458-4868-B8FE-43261032498D}.Release|x86 - Build.Build.0 = Release|x86
		{C96F3CB2-B458-4868-B8FE-43261032498D}.Tune|All - Build.ActiveCfg = Tune|x86
		{C96F3CB2-B458-4868-B8FE-43261032498D}.Tune|All - Build.Build.0 = Tune|x86
		{C96F3CB2-B458-4868-B8FE-43261032498D}.Tune|All - Build and Deploy.ActiveCfg = Tune|x86
		{C96F3CB2-B458-4868-B8FE-43261032498D}.Tune|All - Build and Deploy.Build.0 = Tune|x86
		{C96F3CB2-B458-4868-B8FE-43261032498D}.Tune|MonoGL - Build.ActiveCfg = Tune|x86
		{C96F3CB2-B458-4868-B8FE-43261032498D}.Tune|WP - Build and Deploy.ActiveCfg = Tune|x86
		{C96F3CB2-B458-4868-B8FE-43261032498D}.Tune|x86 - Build.ActiveCfg = Tune|x86
		{C96F3CB2-B458-4868-B8FE-43261032498D}.Tune|x86 - Build.Build.0 = Tune|x86
		{C96F3CB2-B458-4868-B8FE-43261032498D}.Windows|All - Build.ActiveCfg = Tune|x86
		{C96F3CB2-B458-4868-B8FE-43261032498D}.Windows|All - Build and Deploy.ActiveCfg = Tune|x86
		{C96F3CB2-B458-4868-B8FE-43261032498D}.Windows|MonoGL - Build.ActiveCfg = Tune|x86
		{C96F3CB2-B458-4868-B8FE-43261032498D}.Windows|WP - Build and Deploy.ActiveCfg = Tune|x86
		{C96F3CB2-B458-4868-B8FE-43261032498D}.Windows|x86 - Build.ActiveCfg = Tune|x86
		{C96F3CB2-B458-4868-B8FE-43261032498D}.Windows8|All - Build.ActiveCfg = Tune|x86
		{C96F3CB2-B458-4868-B8FE-43261032498D}.Windows8|All - Build and Deploy.ActiveCfg = Tune|x86
		{C96F3CB2-B458-4868-B8FE-43261032498D}.Windows8|MonoGL - Build.ActiveCfg = Tune|x86
		{C96F3CB2-B458-4868-B8FE-43261032498D}.Windows8|WP - Build and Deploy.ActiveCfg = Tune|x86
		{C96F3CB2-B458-4868-B8FE-43261032498D}.Windows8|x86 - Build.ActiveCfg = Tune|x86
		{8CC40C62-20B4-414E-9766-4231BA9B032C}.Android|All - Build.ActiveCfg = Tune|x86
		{8CC40C62-20B4-414E-9766-4231BA9B032C}.Android|All - Build and Deploy.ActiveCfg = Tune|x86
		{8CC40C62-20B4-414E-9766-4231BA9B032C}.Android|MonoGL - Build.ActiveCfg = Tune|x86
		{8CC40C62-20B4-414E-9766-4231BA9B032C}.Android|WP - Build and Deploy.ActiveCfg = Tune|x86
		{8CC40C62-20B4-414E-9766-4231BA9B032C}.Android|x86 - Build.ActiveCfg = Tune|x86
		{8CC40C62-20B4-414E-9766-4231BA9B032C}.Debug|All - Build.ActiveCfg = Debug|x86
		{8CC40C62-20B4-414E-9766-4231BA9B032C}.Debug|All - Build.Build.0 = Debug|x86
		{8CC40C62-20B4-414E-9766-4231BA9B032C}.Debug|All - Build and Deploy.ActiveCfg = Debug|x86
		{8CC40C62-20B4-414E-9766-4231BA9B032C}.Debug|All - Build and Deploy.Build.0 = Debug|x86
		{8CC40C62-20B4-414E-9766-4231BA9B032C}.Debug|MonoGL - Build.ActiveCfg = Debug|x86
		{8CC40C62-20B4-414E-9766-4231BA9B032C}.Debug|WP - Build and Deploy.ActiveCfg = Debug|x86
		{8CC40C62-20B4-414E-9766-4231BA9B032C}.Debug|x86 - Build.ActiveCfg = Debug|x86
		{8CC40C62-20B4-414E-9766-4231BA9B032C}.Debug|x86 - Build.Build.0 = Debug|x86
		{8CC40C62-20B4-414E-9766-4231BA9B032C}.iOS|All - Build.ActiveCfg = Tune|x86
		{8CC40C62-20B4-414E-9766-4231BA9B032C}.iOS|All - Build and Deploy.ActiveCfg = Tune|x86
		{8CC40C62-20B4-414E-9766-4231BA9B032C}.iOS|MonoGL - Build.ActiveCfg = Tune|x86
		{8CC40C62-20B4-414E-9766-4231BA9B032C}.iOS|WP - Build and Deploy.ActiveCfg = Tune|x86
		{8CC40C62-20B4-414E-9766-4231BA9B032C}.iOS|x86 - Build.ActiveCfg = Tune|x86
		{8CC40C62-20B4-414E-9766-4231BA9B032C}.Linux|All - Build.ActiveCfg = Tune|x86
		{8CC40C62-20B4-414E-9766-4231BA9B032C}.Linux|All - Build and Deploy.ActiveCfg = Tune|x86
		{8CC40C62-20B4-414E-9766-4231BA9B032C}.Linux|MonoGL - Build.ActiveCfg = Tune|x86
		{8CC40C62-20B4-414E-9766-4231BA9B032C}.Linux|WP - Build and Deploy.ActiveCfg = Tune|x86
		{8CC40C62-20B4-414E-9766-4231BA9B032C}.Linux|x86 - Build.ActiveCfg = Tune|x86
		{8CC40C62-20B4-414E-9766-4231BA9B032C}.OSX|All - Build.ActiveCfg = Tune|x86
		{8CC40C62-20B4-414E-9766-4231BA9B032C}.OSX|All - Build and Deploy.ActiveCfg = Tune|x86
		{8CC40C62-20B4-414E-9766-4231BA9B032C}.OSX|MonoGL - Build.ActiveCfg = Tune|x86
		{8CC40C62-20B4-414E-9766-4231BA9B032C}.OSX|WP - Build and Deploy.ActiveCfg = Tune|x86
		{8CC40C62-20B4-414E-9766-4231BA9B032C}.OSX|x86 - Build.ActiveCfg = Tune|x86
		{8CC40C62-20B4-414E-9766-4231BA9B032C}.PSM|All - Build.ActiveCfg = Tune|x86
		{8CC40C62-20B4-414E-9766-4231BA9B032C}.PSM|All - Build and Deploy.ActiveCfg = Tune|x86
		{8CC40C62-20B4-414E-9766-4231BA9B032C}.PSM|MonoGL - Build.ActiveCfg = Tune|x86
		{8CC40C62-20B4-414E-9766-4231BA9B032C}.PSM|WP - Build and Deploy.ActiveCfg = Tune|x86
		{8CC40C62-20B4-414E-9766-4231BA9B032C}.PSM|x86 - Build.ActiveCfg = Tune|x86
		{8CC40C62-20B4-414E-9766-4231BA9B032C}.Release|All - Build.ActiveCfg = Release|x86
		{8CC40C62-20B4-414E-9766-4231BA9B032C}.Release|All - Build.Build.0 = Release|x86
		{8CC40C62-20B4-414E-9766-4231BA9B032C}.Release|All - Build and Deploy.ActiveCfg = Release|x86
		{8CC40C62-20B4-414E-9766-4231BA9B032C}.Release|All - Build and Deploy.Build.0 = Release|x86
		{8CC40C62-20B4-414E-9766-4231BA9B032C}.Release|MonoGL - Build.ActiveCfg = Release|x86
		{8CC40C62-20B4-414E-9766-4231BA9B032C}.Release|WP - Build and Deploy.ActiveCfg = Release|x86
		{8CC40C62-20B4-414E-9766-4231BA9B032C}.Release|x86 - Build.ActiveCfg = Release|x86
		{8CC40C62-20B4-414E-9766-4231BA9B032C}.Release|x86 - Build.Build.0 = Release|x86
		{8CC40C62-20B4-414E-9766-4231BA9B032C}.Tune|All - Build.ActiveCfg = Tune|x86
		{8CC40C62-20B4-414E-9766-4231BA9B032C}.Tune|All - Build.Build.0 = Tune|x86
		{8CC40C62-20B4-414E-9766-4231BA9B032C}.Tune|All - Build and Deploy.ActiveCfg = Tune|x86
		{8CC40C62-20B4-414E-9766-4231BA9B032C}.Tune|All - Build and Deploy.Build.0 = Tune|x86
		{8CC40C62-20B4-414E-9766-4231BA9B032C}.Tune|MonoGL - Build.ActiveCfg = Tune|x86
		{8CC40C62-20B4-414E-9766-4231BA9B032C}.Tune|WP - Build and Deploy.ActiveCfg = Tune|x86
		{8CC40C62-20B4-414E-9766-4231BA9B032C}.Tune|x86 - Build.ActiveCfg = Tune|x86
		{8CC40C62-20B4-414E-9766-4231BA9B032C}.Tune|x86 - Build.Build.0 = Tune|x86
		{8CC40C62-20B4-414E-9766-4231BA9B032C}.Windows|All - Build.ActiveCfg = Tune|x86
		{8CC40C62-20B4-414E-9766-4231BA9B032C}.Windows|All - Build and Deploy.ActiveCfg = Tune|x86
		{8CC40C62-20B4-414E-9766-4231BA9B032C}.Windows|MonoGL - Build.ActiveCfg = Tune|x86
		{8CC40C62-20B4-414E-9766-4231BA9B032C}.Windows|WP - Build and Deploy.ActiveCfg = Tune|x86
		{8CC40C62-20B4-414E-9766-4231BA9B032C}.Windows|x86 - Build.ActiveCfg = Tune|x86
		{8CC40C62-20B4-414E-9766-4231BA9B032C}.Windows8|All - Build.ActiveCfg = Tune|x86
		{8CC40C62-20B4-414E-9766-4231BA9B032C}.Windows8|All - Build and Deploy.ActiveCfg = Tune|x86
		{8CC40C62-20B4-414E-9766-4231BA9B032C}.Windows8|MonoGL - Build.ActiveCfg = Tune|x86
		{8CC40C62-20B4-414E-9766-4231BA9B032C}.Windows8|WP - Build and Deploy.ActiveCfg = Tune|x86
		{8CC40C62-20B4-414E-9766-4231BA9B032C}.Windows8|x86 - Build.ActiveCfg = Tune|x86
		{C287FB09-F7BB-4FB0-BE6F-E62C04D0C4AC}.Android|All - Build.ActiveCfg = Tune|x86
		{C287FB09-F7BB-4FB0-BE6F-E62C04D0C4AC}.Android|All - Build and Deploy.ActiveCfg = Tune|x86
		{C287FB09-F7BB-4FB0-BE6F-E62C04D0C4AC}.Android|MonoGL - Build.ActiveCfg = Tune|x86
		{C287FB09-F7BB-4FB0-BE6F-E62C04D0C4AC}.Android|WP - Build and Deploy.ActiveCfg = Tune|x86
		{C287FB09-F7BB-4FB0-BE6F-E62C04D0C4AC}.Android|x86 - Build.ActiveCfg = Tune|x86
		{C287FB09-F7BB-4FB0-BE6F-E62C04D0C4AC}.Debug|All - Build.ActiveCfg = Debug|x86
		{C287FB09-F7BB-4FB0-BE6F-E62C04D0C4AC}.Debug|All - Build.Build.0 = Debug|x86
		{C287FB09-F7BB-4FB0-BE6F-E62C04D0C4AC}.Debug|All - Build and Deploy.ActiveCfg = Debug|x86
		{C287FB09-F7BB-4FB0-BE6F-E62C04D0C4AC}.Debug|All - Build and Deploy.Build.0 = Debug|x86
		{C287FB09-F7BB-4FB0-BE6F-E62C04D0C4AC}.Debug|MonoGL - Build.ActiveCfg = Debug|x86
		{C287FB09-F7BB-4FB0-BE6F-E62C04D0C4AC}.Debug|WP - Build and Deploy.ActiveCfg = Debug|x86
		{C287FB09-F7BB-4FB0-BE6F-E62C04D0C4AC}.Debug|x86 - Build.ActiveCfg = Debug|x86
		{C287FB09-F7BB-4FB0-BE6F-E62C04D0C4AC}.Debug|x86 - Build.Build.0 = Debug|x86
		{C287FB09-F7BB-4FB0-BE6F-E62C04D0C4AC}.iOS|All - Build.ActiveCfg = Tune|x86
		{C287FB09-F7BB-4FB0-BE6F-E62C04D0C4AC}.iOS|All - Build and Deploy.ActiveCfg = Tune|x86
		{C287FB09-F7BB-4FB0-BE6F-E62C04D0C4AC}.iOS|MonoGL - Build.ActiveCfg = Tune|x86
		{C287FB09-F7BB-4FB0-BE6F-E62C04D0C4AC}.iOS|WP - Build and Deploy.ActiveCfg = Tune|x86
		{C287FB09-F7BB-4FB0-BE6F-E62C04D0C4AC}.iOS|x86 - Build.ActiveCfg = Tune|x86
		{C287FB09-F7BB-4FB0-BE6F-E62C04D0C4AC}.Linux|All - Build.ActiveCfg = Tune|x86
		{C287FB09-F7BB-4FB0-BE6F-E62C04D0C4AC}.Linux|All - Build and Deploy.ActiveCfg = Tune|x86
		{C287FB09-F7BB-4FB0-BE6F-E62C04D0C4AC}.Linux|MonoGL - Build.ActiveCfg = Tune|x86
		{C287FB09-F7BB-4FB0-BE6F-E62C04D0C4AC}.Linux|WP - Build and Deploy.ActiveCfg = Tune|x86
		{C287FB09-F7BB-4FB0-BE6F-E62C04D0C4AC}.Linux|x86 - Build.ActiveCfg = Tune|x86
		{C287FB09-F7BB-4FB0-BE6F-E62C04D0C4AC}.OSX|All - Build.ActiveCfg = Tune|x86
		{C287FB09-F7BB-4FB0-BE6F-E62C04D0C4AC}.OSX|All - Build and Deploy.ActiveCfg = Tune|x86
		{C287FB09-F7BB-4FB0-BE6F-E62C04D0C4AC}.OSX|MonoGL - Build.ActiveCfg = Tune|x86
		{C287FB09-F7BB-4FB0-BE6F-E62C04D0C4AC}.OSX|WP - Build and Deploy.ActiveCfg = Tune|x86
		{C287FB09-F7BB-4FB0-BE6F-E62C04D0C4AC}.OSX|x86 - Build.ActiveCfg = Tune|x86
		{C287FB09-F7BB-4FB0-BE6F-E62C04D0C4AC}.PSM|All - Build.ActiveCfg = Tune|x86
		{C287FB09-F7BB-4FB0-BE6F-E62C04D0C4AC}.PSM|All - Build and Deploy.ActiveCfg = Tune|x86
		{C287FB09-F7BB-4FB0-BE6F-E62C04D0C4AC}.PSM|MonoGL - Build.ActiveCfg = Tune|x86
		{C287FB09-F7BB-4FB0-BE6F-E62C04D0C4AC}.PSM|WP - Build and Deploy.ActiveCfg = Tune|x86
		{C287FB09-F7BB-4FB0-BE6F-E62C04D0C4AC}.PSM|x86 - Build.ActiveCfg = Tune|x86
		{C287FB09-F7BB-4FB0-BE6F-E62C04D0C4AC}.Release|All - Build.ActiveCfg = Release|x86
		{C287FB09-F7BB-4FB0-BE6F-E62C04D0C4AC}.Release|All - Build.Build.0 = Release|x86
		{C287FB09-F7BB-4FB0-BE6F-E62C04D0C4AC}.Release|All - Build and Deploy.ActiveCfg = Release|x86
		{C287FB09-F7BB-4FB0-BE6F-E62C04D0C4AC}.Release|All - Build and Deploy.Build.0 = Release|x86
		{C287FB09-F7BB-4FB0-BE6F-E62C04D0C4AC}.Release|MonoGL - Build.ActiveCfg = Release|x86
		{C287FB09-F7BB-4FB0-BE6F-E62C04D0C4AC}.Release|WP - Build and Deploy.ActiveCfg = Release|x86
		{C287FB09-F7BB-4FB0-BE6F-E62C04D0C4AC}.Release|x86 - Build.ActiveCfg = Release|x86
		{C287FB09-F7BB-4FB0-BE6F-E62C04D0C4AC}.Release|x86 - Build.Build.0 = Release|x86
		{C287FB09-F7BB-4FB0-BE6F-E62C04D0C4AC}.Tune|All - Build.ActiveCfg = Tune|x86
		{C287FB09-F7BB-4FB0-BE6F-E62C04D0C4AC}.Tune|All - Build.Build.0 = Tune|x86
		{C287FB09-F7BB-4FB0-BE6F-E62C04D0C4AC}.Tune|All - Build and Deploy.ActiveCfg = Tune|x86
		{C287FB09-F7BB-4FB0-BE6F-E62C04D0C4AC}.Tune|All - Build and Deploy.Build.0 = Tune|x86
		{C287FB09-F7BB-4FB0-BE6F-E62C04D0C4AC}.Tune|MonoGL - Build.ActiveCfg = Tune|x86
		{C287FB09-F7BB-4FB0-BE6F-E62C04D0C4AC}.Tune|WP - Build and Deploy.ActiveCfg = Tune|x86
		{C287FB09-F7BB-4FB0-BE6F-E62C04D0C4AC}.Tune|x86 - Build.ActiveCfg = Tune|x86
		{C287FB09-F7BB-4FB0-BE6F-E62C04D0C4AC}.Tune|x86 - Build.Build.0 = Tune|x86
		{C287FB09-F7BB-4FB0-BE6F-E62C04D0C4AC}.Windows|All - Build.ActiveCfg = Tune|x86
		{C287FB09-F7BB-4FB0-BE6F-E62C04D0C4AC}.Windows|All - Build and Deploy.ActiveCfg = Tune|x86
		{C287FB09-F7BB-4FB0-BE6F-E62C04D0C4AC}.Windows|MonoGL - Build.ActiveCfg = Tune|x86
		{C287FB09-F7BB-4FB0-BE6F-E62C04D0C4AC}.Windows|WP - Build and Deploy.ActiveCfg = Tune|x86
		{C287FB09-F7BB-4FB0-BE6F-E62C04D0C4AC}.Windows|x86 - Build.ActiveCfg = Tune|x86
		{C287FB09-F7BB-4FB0-BE6F-E62C04D0C4AC}.Windows8|All - Build.ActiveCfg = Tune|x86
		{C287FB09-F7BB-4FB0-BE6F-E62C04D0C4AC}.Windows8|All - Build and Deploy.ActiveCfg = Tune|x86
		{C287FB09-F7BB-4FB0-BE6F-E62C04D0C4AC}.Windows8|MonoGL - Build.ActiveCfg = Tune|x86
		{C287FB09-F7BB-4FB0-BE6F-E62C04D0C4AC}.Windows8|WP - Build and Deploy.ActiveCfg = Tune|x86
		{C287FB09-F7BB-4FB0-BE6F-E62C04D0C4AC}.Windows8|x86 - Build.ActiveCfg = Tune|x86
		{CCA77479-DECC-4499-A59C-502445CF0A63}.Android|All - Build.ActiveCfg = Debug|Any CPU
		{CCA77479-DECC-4499-A59C-502445CF0A63}.Android|All - Build and Deploy.ActiveCfg = Debug|Any CPU
		{CCA77479-DECC-4499-A59C-502445CF0A63}.Android|MonoGL - Build.ActiveCfg = Debug|Any CPU
		{CCA77479-DECC-4499-A59C-502445CF0A63}.Android|WP - Build and Deploy.ActiveCfg = Debug|Any CPU
		{CCA77479-DECC-4499-A59C-502445CF0A63}.Android|x86 - Build.ActiveCfg = Debug|Any CPU
		{CCA77479-DECC-4499-A59C-502445CF0A63}.Debug|All - Build.ActiveCfg = Debug|Any CPU
		{CCA77479-DECC-4499-A59C-502445CF0A63}.Debug|All - Build and Deploy.ActiveCfg = Debug|Any CPU
		{CCA77479-DECC-4499-A59C-502445CF0A63}.Debug|MonoGL - Build.ActiveCfg = Debug|Any CPU
		{CCA77479-DECC-4499-A59C-502445CF0A63}.Debug|WP - Build and Deploy.ActiveCfg = Debug|Any CPU
		{CCA77479-DECC-4499-A59C-502445CF0A63}.Debug|x86 - Build.ActiveCfg = Debug|Any CPU
		{CCA77479-DECC-4499-A59C-502445CF0A63}.iOS|All - Build.ActiveCfg = Debug|Any CPU
		{CCA77479-DECC-4499-A59C-502445CF0A63}.iOS|All - Build and Deploy.ActiveCfg = Debug|Any CPU
		{CCA77479-DECC-4499-A59C-502445CF0A63}.iOS|MonoGL - Build.ActiveCfg = Debug|Any CPU
		{CCA77479-DECC-4499-A59C-502445CF0A63}.iOS|WP - Build and Deploy.ActiveCfg = Debug|Any CPU
		{CCA77479-DECC-4499-A59C-502445CF0A63}.iOS|x86 - Build.ActiveCfg = Debug|Any CPU
		{CCA77479-DECC-4499-A59C-502445CF0A63}.Linux|All - Build.ActiveCfg = Debug|Any CPU
		{CCA77479-DECC-4499-A59C-502445CF0A63}.Linux|All - Build and Deploy.ActiveCfg = Debug|Any CPU
		{CCA77479-DECC-4499-A59C-502445CF0A63}.Linux|MonoGL - Build.ActiveCfg = Debug|Any CPU
		{CCA77479-DECC-4499-A59C-502445CF0A63}.Linux|WP - Build and Deploy.ActiveCfg = Debug|Any CPU
		{CCA77479-DECC-4499-A59C-502445CF0A63}.Linux|x86 - Build.ActiveCfg = Debug|Any CPU
		{CCA77479-DECC-4499-A59C-502445CF0A63}.OSX|All - Build.ActiveCfg = Debug|Any CPU
		{CCA77479-DECC-4499-A59C-502445CF0A63}.OSX|All - Build and Deploy.ActiveCfg = Debug|Any CPU
		{CCA77479-DECC-4499-A59C-502445CF0A63}.OSX|MonoGL - Build.ActiveCfg = Debug|Any CPU
		{CCA77479-DECC-4499-A59C-502445CF0A63}.OSX|WP - Build and Deploy.ActiveCfg = Debug|Any CPU
		{CCA77479-DECC-4499-A59C-502445CF0A63}.OSX|x86 - Build.ActiveCfg = Debug|Any CPU
		{CCA77479-DECC-4499-A59C-502445CF0A63}.PSM|All - Build.ActiveCfg = Debug|Any CPU
		{CCA77479-DECC-4499-A59C-502445CF0A63}.PSM|All - Build and Deploy.ActiveCfg = Debug|Any CPU
		{CCA77479-DECC-4499-A59C-502445CF0A63}.PSM|MonoGL - Build.ActiveCfg = Debug|Any CPU
		{CCA77479-DECC-4499-A59C-502445CF0A63}.PSM|WP - Build and Deploy.ActiveCfg = Debug|Any CPU
		{CCA77479-DECC-4499-A59C-502445CF0A63}.PSM|x86 - Build.ActiveCfg = Debug|Any CPU
		{CCA77479-DECC-4499-A59C-502445CF0A63}.Release|All - Build.ActiveCfg = Debug|Any CPU
		{CCA77479-DECC-4499-A59C-502445CF0A63}.Release|All - Build and Deploy.ActiveCfg = Debug|Any CPU
		{CCA77479-DECC-4499-A59C-502445CF0A63}.Release|MonoGL - Build.ActiveCfg = Debug|Any CPU
		{CCA77479-DECC-4499-A59C-502445CF0A63}.Release|WP - Build and Deploy.ActiveCfg = Debug|Any CPU
		{CCA77479-DECC-4499-A59C-502445CF0A63}.Release|x86 - Build.ActiveCfg = Debug|Any CPU
		{CCA77479-DECC-4499-A59C-502445CF0A63}.Tune|All - Build.ActiveCfg = Debug|Any CPU
		{CCA77479-DECC-4499-A59C-502445CF0A63}.Tune|All - Build and Deploy.ActiveCfg = Debug|Any CPU
		{CCA77479-DECC-4499-A59C-502445CF0A63}.Tune|MonoGL - Build.ActiveCfg = Debug|Any CPU
		{CCA77479-DECC-4499-A59C-502445CF0A63}.Tune|WP - Build and Deploy.ActiveCfg = Debug|Any CPU
		{CCA77479-DECC-4499-A59C-502445CF0A63}.Tune|x86 - Build.ActiveCfg = Debug|Any CPU
		{CCA77479-DECC-4499-A59C-502445CF0A63}.Windows|All - Build.ActiveCfg = Debug|Any CPU
		{CCA77479-DECC-4499-A59C-502445CF0A63}.Windows|All - Build and Deploy.ActiveCfg = Debug|Any CPU
		{CCA77479-DECC-4499-A59C-502445CF0A63}.Windows|MonoGL - Build.ActiveCfg = Debug|Any CPU
		{CCA77479-DECC-4499-A59C-502445CF0A63}.Windows|WP - Build and Deploy.ActiveCfg = Debug|Any CPU
		{CCA77479-DECC-4499-A59C-502445CF0A63}.Windows|x86 - Build.ActiveCfg = Debug|Any CPU
		{CCA77479-DECC-4499-A59C-502445CF0A63}.Windows8|All - Build.ActiveCfg = Debug|Any CPU
		{CCA77479-DECC-4499-A59C-502445CF0A63}.Windows8|All - Build and Deploy.ActiveCfg = Debug|Any CPU
		{CCA77479-DECC-4499-A59C-502445CF0A63}.Windows8|MonoGL - Build.ActiveCfg = Debug|Any CPU
		{CCA77479-DECC-4499-A59C-502445CF0A63}.Windows8|WP - Build and Deploy.ActiveCfg = Debug|Any CPU
		{CCA77479-DECC-4499-A59C-502445CF0A63}.Windows8|x86 - Build.ActiveCfg = Debug|Any CPU
		{FB6DA875-C2AF-4703-A939-544B687C1209}.Android|All - Build.ActiveCfg = Tune|x86
		{FB6DA875-C2AF-4703-A939-544B687C1209}.Android|All - Build and Deploy.ActiveCfg = Tune|x86
		{FB6DA875-C2AF-4703-A939-544B687C1209}.Android|MonoGL - Build.ActiveCfg = Tune|x86
		{FB6DA875-C2AF-4703-A939-544B687C1209}.Android|WP - Build and Deploy.ActiveCfg = Tune|x86
		{FB6DA875-C2AF-4703-A939-544B687C1209}.Android|x86 - Build.ActiveCfg = Tune|x86
		{FB6DA875-C2AF-4703-A939-544B687C1209}.Debug|All - Build.ActiveCfg = Debug|x86
		{FB6DA875-C2AF-4703-A939-544B687C1209}.Debug|All - Build.Build.0 = Debug|x86
		{FB6DA875-C2AF-4703-A939-544B687C1209}.Debug|All - Build and Deploy.ActiveCfg = Debug|x86
		{FB6DA875-C2AF-4703-A939-544B687C1209}.Debug|MonoGL - Build.ActiveCfg = Debug|x86
		{FB6DA875-C2AF-4703-A939-544B687C1209}.Debug|MonoGL - Build.Build.0 = Debug|x86
		{FB6DA875-C2AF-4703-A939-544B687C1209}.Debug|WP - Build and Deploy.ActiveCfg = Debug|x86
		{FB6DA875-C2AF-4703-A939-544B687C1209}.Debug|x86 - Build.ActiveCfg = Debug|x86
		{FB6DA875-C2AF-4703-A939-544B687C1209}.iOS|All - Build.ActiveCfg = Tune|x86
		{FB6DA875-C2AF-4703-A939-544B687C1209}.iOS|All - Build and Deploy.ActiveCfg = Tune|x86
		{FB6DA875-C2AF-4703-A939-544B687C1209}.iOS|MonoGL - Build.ActiveCfg = Tune|x86
		{FB6DA875-C2AF-4703-A939-544B687C1209}.iOS|WP - Build and Deploy.ActiveCfg = Tune|x86
		{FB6DA875-C2AF-4703-A939-544B687C1209}.iOS|x86 - Build.ActiveCfg = Tune|x86
		{FB6DA875-C2AF-4703-A939-544B687C1209}.Linux|All - Build.ActiveCfg = Tune|x86
		{FB6DA875-C2AF-4703-A939-544B687C1209}.Linux|All - Build and Deploy.ActiveCfg = Tune|x86
		{FB6DA875-C2AF-4703-A939-544B687C1209}.Linux|MonoGL - Build.ActiveCfg = Tune|x86
		{FB6DA875-C2AF-4703-A939-544B687C1209}.Linux|WP - Build and Deploy.ActiveCfg = Tune|x86
		{FB6DA875-C2AF-4703-A939-544B687C1209}.Linux|x86 - Build.ActiveCfg = Tune|x86
		{FB6DA875-C2AF-4703-A939-544B687C1209}.OSX|All - Build.ActiveCfg = Tune|x86
		{FB6DA875-C2AF-4703-A939-544B687C1209}.OSX|All - Build and Deploy.ActiveCfg = Tune|x86
		{FB6DA875-C2AF-4703-A939-544B687C1209}.OSX|MonoGL - Build.ActiveCfg = Tune|x86
		{FB6DA875-C2AF-4703-A939-544B687C1209}.OSX|WP - Build and Deploy.ActiveCfg = Tune|x86
		{FB6DA875-C2AF-4703-A939-544B687C1209}.OSX|x86 - Build.ActiveCfg = Tune|x86
		{FB6DA875-C2AF-4703-A939-544B687C1209}.PSM|All - Build.ActiveCfg = Tune|x86
		{FB6DA875-C2AF-4703-A939-544B687C1209}.PSM|All - Build and Deploy.ActiveCfg = Tune|x86
		{FB6DA875-C2AF-4703-A939-544B687C1209}.PSM|MonoGL - Build.ActiveCfg = Tune|x86
		{FB6DA875-C2AF-4703-A939-544B687C1209}.PSM|WP - Build and Deploy.ActiveCfg = Tune|x86
		{FB6DA875-C2AF-4703-A939-544B687C1209}.PSM|x86 - Build.ActiveCfg = Tune|x86
		{FB6DA875-C2AF-4703-A939-544B687C1209}.Release|All - Build.ActiveCfg = Release|x86
		{FB6DA875-C2AF-4703-A939-544B687C1209}.Release|All - Build.Build.0 = Release|x86
		{FB6DA875-C2AF-4703-A939-544B687C1209}.Release|All - Build and Deploy.ActiveCfg = Release|x86
		{FB6DA875-C2AF-4703-A939-544B687C1209}.Release|MonoGL - Build.ActiveCfg = Release|x86
		{FB6DA875-C2AF-4703-A939-544B687C1209}.Release|MonoGL - Build.Build.0 = Release|x86
		{FB6DA875-C2AF-4703-A939-544B687C1209}.Release|WP - Build and Deploy.ActiveCfg = Release|x86
		{FB6DA875-C2AF-4703-A939-544B687C1209}.Release|x86 - Build.ActiveCfg = Release|x86
		{FB6DA875-C2AF-4703-A939-544B687C1209}.Tune|All - Build.ActiveCfg = Tune|x86
		{FB6DA875-C2AF-4703-A939-544B687C1209}.Tune|All - Build.Build.0 = Tune|x86
		{FB6DA875-C2AF-4703-A939-544B687C1209}.Tune|All - Build and Deploy.ActiveCfg = Release|x86
		{FB6DA875-C2AF-4703-A939-544B687C1209}.Tune|MonoGL - Build.ActiveCfg = Tune|x86
		{FB6DA875-C2AF-4703-A939-544B687C1209}.Tune|MonoGL - Build.Build.0 = Tune|x86
		{FB6DA875-C2AF-4703-A939-544B687C1209}.Tune|WP - Build and Deploy.ActiveCfg = Release|x86
		{FB6DA875-C2AF-4703-A939-544B687C1209}.Tune|x86 - Build.ActiveCfg = Release|x86
		{FB6DA875-C2AF-4703-A939-544B687C1209}.Windows|All - Build.ActiveCfg = Tune|x86
		{FB6DA875-C2AF-4703-A939-544B687C1209}.Windows|All - Build and Deploy.ActiveCfg = Tune|x86
		{FB6DA875-C2AF-4703-A939-544B687C1209}.Windows|MonoGL - Build.ActiveCfg = Tune|x86
		{FB6DA875-C2AF-4703-A939-544B687C1209}.Windows|WP - Build and Deploy.ActiveCfg = Tune|x86
		{FB6DA875-C2AF-4703-A939-544B687C1209}.Windows|x86 - Build.ActiveCfg = Tune|x86
		{FB6DA875-C2AF-4703-A939-544B687C1209}.Windows8|All - Build.ActiveCfg = Tune|x86
		{FB6DA875-C2AF-4703-A939-544B687C1209}.Windows8|All - Build and Deploy.ActiveCfg = Tune|x86
		{FB6DA875-C2AF-4703-A939-544B687C1209}.Windows8|MonoGL - Build.ActiveCfg = Tune|x86
		{FB6DA875-C2AF-4703-A939-544B687C1209}.Windows8|WP - Build and Deploy.ActiveCfg = Tune|x86
		{FB6DA875-C2AF-4703-A939-544B687C1209}.Windows8|x86 - Build.ActiveCfg = Tune|x86
		{1F1F0DD6-C33E-4534-B30E-CC8C929D0E42}.Android|All - Build.ActiveCfg = Tune|x86
		{1F1F0DD6-C33E-4534-B30E-CC8C929D0E42}.Android|All - Build and Deploy.ActiveCfg = Tune|x86
		{1F1F0DD6-C33E-4534-B30E-CC8C929D0E42}.Android|MonoGL - Build.ActiveCfg = Tune|x86
		{1F1F0DD6-C33E-4534-B30E-CC8C929D0E42}.Android|WP - Build and Deploy.ActiveCfg = Tune|x86
		{1F1F0DD6-C33E-4534-B30E-CC8C929D0E42}.Android|x86 - Build.ActiveCfg = Tune|x86
		{1F1F0DD6-C33E-4534-B30E-CC8C929D0E42}.Debug|All - Build.ActiveCfg = Debug|x86
		{1F1F0DD6-C33E-4534-B30E-CC8C929D0E42}.Debug|All - Build.Build.0 = Debug|x86
		{1F1F0DD6-C33E-4534-B30E-CC8C929D0E42}.Debug|All - Build and Deploy.ActiveCfg = Debug|x86
		{1F1F0DD6-C33E-4534-B30E-CC8C929D0E42}.Debug|MonoGL - Build.ActiveCfg = Debug|x86
		{1F1F0DD6-C33E-4534-B30E-CC8C929D0E42}.Debug|MonoGL - Build.Build.0 = Debug|x86
		{1F1F0DD6-C33E-4534-B30E-CC8C929D0E42}.Debug|WP - Build and Deploy.ActiveCfg = Debug|x86
		{1F1F0DD6-C33E-4534-B30E-CC8C929D0E42}.Debug|x86 - Build.ActiveCfg = Debug|x86
		{1F1F0DD6-C33E-4534-B30E-CC8C929D0E42}.iOS|All - Build.ActiveCfg = Tune|x86
		{1F1F0DD6-C33E-4534-B30E-CC8C929D0E42}.iOS|All - Build and Deploy.ActiveCfg = Tune|x86
		{1F1F0DD6-C33E-4534-B30E-CC8C929D0E42}.iOS|MonoGL - Build.ActiveCfg = Tune|x86
		{1F1F0DD6-C33E-4534-B30E-CC8C929D0E42}.iOS|WP - Build and Deploy.ActiveCfg = Tune|x86
		{1F1F0DD6-C33E-4534-B30E-CC8C929D0E42}.iOS|x86 - Build.ActiveCfg = Tune|x86
		{1F1F0DD6-C33E-4534-B30E-CC8C929D0E42}.Linux|All - Build.ActiveCfg = Tune|x86
		{1F1F0DD6-C33E-4534-B30E-CC8C929D0E42}.Linux|All - Build and Deploy.ActiveCfg = Tune|x86
		{1F1F0DD6-C33E-4534-B30E-CC8C929D0E42}.Linux|MonoGL - Build.ActiveCfg = Tune|x86
		{1F1F0DD6-C33E-4534-B30E-CC8C929D0E42}.Linux|WP - Build and Deploy.ActiveCfg = Tune|x86
		{1F1F0DD6-C33E-4534-B30E-CC8C929D0E42}.Linux|x86 - Build.ActiveCfg = Tune|x86
		{1F1F0DD6-C33E-4534-B30E-CC8C929D0E42}.OSX|All - Build.ActiveCfg = Tune|x86
		{1F1F0DD6-C33E-4534-B30E-CC8C929D0E42}.OSX|All - Build and Deploy.ActiveCfg = Tune|x86
		{1F1F0DD6-C33E-4534-B30E-CC8C929D0E42}.OSX|MonoGL - Build.ActiveCfg = Tune|x86
		{1F1F0DD6-C33E-4534-B30E-CC8C929D0E42}.OSX|WP - Build and Deploy.ActiveCfg = Tune|x86
		{1F1F0DD6-C33E-4534-B30E-CC8C929D0E42}.OSX|x86 - Build.ActiveCfg = Tune|x86
		{1F1F0DD6-C33E-4534-B30E-CC8C929D0E42}.PSM|All - Build.ActiveCfg = Tune|x86
		{1F1F0DD6-C33E-4534-B30E-CC8C929D0E42}.PSM|All - Build and Deploy.ActiveCfg = Tune|x86
		{1F1F0DD6-C33E-4534-B30E-CC8C929D0E42}.PSM|MonoGL - Build.ActiveCfg = Tune|x86
		{1F1F0DD6-C33E-4534-B30E-CC8C929D0E42}.PSM|WP - Build and Deploy.ActiveCfg = Tune|x86
		{1F1F0DD6-C33E-4534-B30E-CC8C929D0E42}.PSM|x86 - Build.ActiveCfg = Tune|x86
		{1F1F0DD6-C33E-4534-B30E-CC8C929D0E42}.Release|All - Build.ActiveCfg = Release|x86
		{1F1F0DD6-C33E-4534-B30E-CC8C929D0E42}.Release|All - Build.Build.0 = Release|x86
		{1F1F0DD6-C33E-4534-B30E-CC8C929D0E42}.Release|All - Build and Deploy.ActiveCfg = Release|x86
		{1F1F0DD6-C33E-4534-B30E-CC8C929D0E42}.Release|MonoGL - Build.ActiveCfg = Release|x86
		{1F1F0DD6-C33E-4534-B30E-CC8C929D0E42}.Release|MonoGL - Build.Build.0 = Release|x86
		{1F1F0DD6-C33E-4534-B30E-CC8C929D0E42}.Release|WP - Build and Deploy.ActiveCfg = Release|x86
		{1F1F0DD6-C33E-4534-B30E-CC8C929D0E42}.Release|x86 - Build.ActiveCfg = Release|x86
		{1F1F0DD6-C33E-4534-B30E-CC8C929D0E42}.Tune|All - Build.ActiveCfg = Tune|x86
		{1F1F0DD6-C33E-4534-B30E-CC8C929D0E42}.Tune|All - Build.Build.0 = Tune|x86
		{1F1F0DD6-C33E-4534-B30E-CC8C929D0E42}.Tune|All - Build and Deploy.ActiveCfg = Release|x86
		{1F1F0DD6-C33E-4534-B30E-CC8C929D0E42}.Tune|MonoGL - Build.ActiveCfg = Tune|x86
		{1F1F0DD6-C33E-4534-B30E-CC8C929D0E42}.Tune|MonoGL - Build.Build.0 = Tune|x86
		{1F1F0DD6-C33E-4534-B30E-CC8C929D0E42}.Tune|WP - Build and Deploy.ActiveCfg = Release|x86
		{1F1F0DD6-C33E-4534-B30E-CC8C929D0E42}.Tune|x86 - Build.ActiveCfg = Release|x86
		{1F1F0DD6-C33E-4534-B30E-CC8C929D0E42}.Windows|All - Build.ActiveCfg = Tune|x86
		{1F1F0DD6-C33E-4534-B30E-CC8C929D0E42}.Windows|All - Build and Deploy.ActiveCfg = Tune|x86
		{1F1F0DD6-C33E-4534-B30E-CC8C929D0E42}.Windows|MonoGL - Build.ActiveCfg = Tune|x86
		{1F1F0DD6-C33E-4534-B30E-CC8C929D0E42}.Windows|WP - Build and Deploy.ActiveCfg = Tune|x86
		{1F1F0DD6-C33E-4534-B30E-CC8C929D0E42}.Windows|x86 - Build.ActiveCfg = Tune|x86
		{1F1F0DD6-C33E-4534-B30E-CC8C929D0E42}.Windows8|All - Build.ActiveCfg = Tune|x86
		{1F1F0DD6-C33E-4534-B30E-CC8C929D0E42}.Windows8|All - Build and Deploy.ActiveCfg = Tune|x86
		{1F1F0DD6-C33E-4534-B30E-CC8C929D0E42}.Windows8|MonoGL - Build.ActiveCfg = Tune|x86
		{1F1F0DD6-C33E-4534-B30E-CC8C929D0E42}.Windows8|WP - Build and Deploy.ActiveCfg = Tune|x86
		{1F1F0DD6-C33E-4534-B30E-CC8C929D0E42}.Windows8|x86 - Build.ActiveCfg = Tune|x86
		{7E3CFA59-8730-4A54-98AB-BBEF9B95C1B9}.Android|All - Build.ActiveCfg = Tune|x86
		{7E3CFA59-8730-4A54-98AB-BBEF9B95C1B9}.Android|All - Build and Deploy.ActiveCfg = Tune|x86
		{7E3CFA59-8730-4A54-98AB-BBEF9B95C1B9}.Android|MonoGL - Build.ActiveCfg = Tune|x86
		{7E3CFA59-8730-4A54-98AB-BBEF9B95C1B9}.Android|WP - Build and Deploy.ActiveCfg = Tune|x86
		{7E3CFA59-8730-4A54-98AB-BBEF9B95C1B9}.Android|x86 - Build.ActiveCfg = Tune|x86
		{7E3CFA59-8730-4A54-98AB-BBEF9B95C1B9}.Debug|All - Build.ActiveCfg = Debug|x86
		{7E3CFA59-8730-4A54-98AB-BBEF9B95C1B9}.Debug|All - Build.Build.0 = Debug|x86
		{7E3CFA59-8730-4A54-98AB-BBEF9B95C1B9}.Debug|All - Build and Deploy.ActiveCfg = Debug|x86
		{7E3CFA59-8730-4A54-98AB-BBEF9B95C1B9}.Debug|MonoGL - Build.ActiveCfg = Debug|x86
		{7E3CFA59-8730-4A54-98AB-BBEF9B95C1B9}.Debug|MonoGL - Build.Build.0 = Debug|x86
		{7E3CFA59-8730-4A54-98AB-BBEF9B95C1B9}.Debug|WP - Build and Deploy.ActiveCfg = Debug|x86
		{7E3CFA59-8730-4A54-98AB-BBEF9B95C1B9}.Debug|x86 - Build.ActiveCfg = Debug|x86
		{7E3CFA59-8730-4A54-98AB-BBEF9B95C1B9}.iOS|All - Build.ActiveCfg = Tune|x86
		{7E3CFA59-8730-4A54-98AB-BBEF9B95C1B9}.iOS|All - Build and Deploy.ActiveCfg = Tune|x86
		{7E3CFA59-8730-4A54-98AB-BBEF9B95C1B9}.iOS|MonoGL - Build.ActiveCfg = Tune|x86
		{7E3CFA59-8730-4A54-98AB-BBEF9B95C1B9}.iOS|WP - Build and Deploy.ActiveCfg = Tune|x86
		{7E3CFA59-8730-4A54-98AB-BBEF9B95C1B9}.iOS|x86 - Build.ActiveCfg = Tune|x86
		{7E3CFA59-8730-4A54-98AB-BBEF9B95C1B9}.Linux|All - Build.ActiveCfg = Tune|x86
		{7E3CFA59-8730-4A54-98AB-BBEF9B95C1B9}.Linux|All - Build and Deploy.ActiveCfg = Tune|x86
		{7E3CFA59-8730-4A54-98AB-BBEF9B95C1B9}.Linux|MonoGL - Build.ActiveCfg = Tune|x86
		{7E3CFA59-8730-4A54-98AB-BBEF9B95C1B9}.Linux|WP - Build and Deploy.ActiveCfg = Tune|x86
		{7E3CFA59-8730-4A54-98AB-BBEF9B95C1B9}.Linux|x86 - Build.ActiveCfg = Tune|x86
		{7E3CFA59-8730-4A54-98AB-BBEF9B95C1B9}.OSX|All - Build.ActiveCfg = Tune|x86
		{7E3CFA59-8730-4A54-98AB-BBEF9B95C1B9}.OSX|All - Build and Deploy.ActiveCfg = Tune|x86
		{7E3CFA59-8730-4A54-98AB-BBEF9B95C1B9}.OSX|MonoGL - Build.ActiveCfg = Tune|x86
		{7E3CFA59-8730-4A54-98AB-BBEF9B95C1B9}.OSX|WP - Build and Deploy.ActiveCfg = Tune|x86
		{7E3CFA59-8730-4A54-98AB-BBEF9B95C1B9}.OSX|x86 - Build.ActiveCfg = Tune|x86
		{7E3CFA59-8730-4A54-98AB-BBEF9B95C1B9}.PSM|All - Build.ActiveCfg = Tune|x86
		{7E3CFA59-8730-4A54-98AB-BBEF9B95C1B9}.PSM|All - Build and Deploy.ActiveCfg = Tune|x86
		{7E3CFA59-8730-4A54-98AB-BBEF9B95C1B9}.PSM|MonoGL - Build.ActiveCfg = Tune|x86
		{7E3CFA59-8730-4A54-98AB-BBEF9B95C1B9}.PSM|WP - Build and Deploy.ActiveCfg = Tune|x86
		{7E3CFA59-8730-4A54-98AB-BBEF9B95C1B9}.PSM|x86 - Build.ActiveCfg = Tune|x86
		{7E3CFA59-8730-4A54-98AB-BBEF9B95C1B9}.Release|All - Build.ActiveCfg = Release|x86
		{7E3CFA59-8730-4A54-98AB-BBEF9B95C1B9}.Release|All - Build.Build.0 = Release|x86
		{7E3CFA59-8730-4A54-98AB-BBEF9B95C1B9}.Release|All - Build and Deploy.ActiveCfg = Release|x86
		{7E3CFA59-8730-4A54-98AB-BBEF9B95C1B9}.Release|MonoGL - Build.ActiveCfg = Release|x86
		{7E3CFA59-8730-4A54-98AB-BBEF9B95C1B9}.Release|MonoGL - Build.Build.0 = Release|x86
		{7E3CFA59-8730-4A54-98AB-BBEF9B95C1B9}.Release|WP - Build and Deploy.ActiveCfg = Release|x86
		{7E3CFA59-8730-4A54-98AB-BBEF9B95C1B9}.Release|x86 - Build.ActiveCfg = Release|x86
		{7E3CFA59-8730-4A54-98AB-BBEF9B95C1B9}.Tune|All - Build.ActiveCfg = Tune|x86
		{7E3CFA59-8730-4A54-98AB-BBEF9B95C1B9}.Tune|All - Build.Build.0 = Tune|x86
		{7E3CFA59-8730-4A54-98AB-BBEF9B95C1B9}.Tune|All - Build and Deploy.ActiveCfg = Release|x86
		{7E3CFA59-8730-4A54-98AB-BBEF9B95C1B9}.Tune|MonoGL - Build.ActiveCfg = Tune|x86
		{7E3CFA59-8730-4A54-98AB-BBEF9B95C1B9}.Tune|MonoGL - Build.Build.0 = Tune|x86
		{7E3CFA59-8730-4A54-98AB-BBEF9B95C1B9}.Tune|WP - Build and Deploy.ActiveCfg = Release|x86
		{7E3CFA59-8730-4A54-98AB-BBEF9B95C1B9}.Tune|x86 - Build.ActiveCfg = Release|x86
		{7E3CFA59-8730-4A54-98AB-BBEF9B95C1B9}.Windows|All - Build.ActiveCfg = Tune|x86
		{7E3CFA59-8730-4A54-98AB-BBEF9B95C1B9}.Windows|All - Build and Deploy.ActiveCfg = Tune|x86
		{7E3CFA59-8730-4A54-98AB-BBEF9B95C1B9}.Windows|MonoGL - Build.ActiveCfg = Tune|x86
		{7E3CFA59-8730-4A54-98AB-BBEF9B95C1B9}.Windows|WP - Build and Deploy.ActiveCfg = Tune|x86
		{7E3CFA59-8730-4A54-98AB-BBEF9B95C1B9}.Windows|x86 - Build.ActiveCfg = Tune|x86
		{7E3CFA59-8730-4A54-98AB-BBEF9B95C1B9}.Windows8|All - Build.ActiveCfg = Tune|x86
		{7E3CFA59-8730-4A54-98AB-BBEF9B95C1B9}.Windows8|All - Build and Deploy.ActiveCfg = Tune|x86
		{7E3CFA59-8730-4A54-98AB-BBEF9B95C1B9}.Windows8|MonoGL - Build.ActiveCfg = Tune|x86
		{7E3CFA59-8730-4A54-98AB-BBEF9B95C1B9}.Windows8|WP - Build and Deploy.ActiveCfg = Tune|x86
		{7E3CFA59-8730-4A54-98AB-BBEF9B95C1B9}.Windows8|x86 - Build.ActiveCfg = Tune|x86
		{2B697A5A-6F51-41A0-BD2D-DA22860FDAD6}.Android|All - Build.ActiveCfg = Tune|x86
		{2B697A5A-6F51-41A0-BD2D-DA22860FDAD6}.Android|All - Build and Deploy.ActiveCfg = Tune|x86
		{2B697A5A-6F51-41A0-BD2D-DA22860FDAD6}.Android|MonoGL - Build.ActiveCfg = Tune|x86
		{2B697A5A-6F51-41A0-BD2D-DA22860FDAD6}.Android|WP - Build and Deploy.ActiveCfg = Tune|x86
		{2B697A5A-6F51-41A0-BD2D-DA22860FDAD6}.Android|x86 - Build.ActiveCfg = Tune|x86
		{2B697A5A-6F51-41A0-BD2D-DA22860FDAD6}.Debug|All - Build.ActiveCfg = Debug|x86
		{2B697A5A-6F51-41A0-BD2D-DA22860FDAD6}.Debug|All - Build.Build.0 = Debug|x86
		{2B697A5A-6F51-41A0-BD2D-DA22860FDAD6}.Debug|All - Build and Deploy.ActiveCfg = Debug|x86
		{2B697A5A-6F51-41A0-BD2D-DA22860FDAD6}.Debug|MonoGL - Build.ActiveCfg = Debug|x86
		{2B697A5A-6F51-41A0-BD2D-DA22860FDAD6}.Debug|MonoGL - Build.Build.0 = Debug|x86
		{2B697A5A-6F51-41A0-BD2D-DA22860FDAD6}.Debug|WP - Build and Deploy.ActiveCfg = Debug|x86
		{2B697A5A-6F51-41A0-BD2D-DA22860FDAD6}.Debug|x86 - Build.ActiveCfg = Debug|x86
		{2B697A5A-6F51-41A0-BD2D-DA22860FDAD6}.iOS|All - Build.ActiveCfg = Tune|x86
		{2B697A5A-6F51-41A0-BD2D-DA22860FDAD6}.iOS|All - Build and Deploy.ActiveCfg = Tune|x86
		{2B697A5A-6F51-41A0-BD2D-DA22860FDAD6}.iOS|MonoGL - Build.ActiveCfg = Tune|x86
		{2B697A5A-6F51-41A0-BD2D-DA22860FDAD6}.iOS|WP - Build and Deploy.ActiveCfg = Tune|x86
		{2B697A5A-6F51-41A0-BD2D-DA22860FDAD6}.iOS|x86 - Build.ActiveCfg = Tune|x86
		{2B697A5A-6F51-41A0-BD2D-DA22860FDAD6}.Linux|All - Build.ActiveCfg = Tune|x86
		{2B697A5A-6F51-41A0-BD2D-DA22860FDAD6}.Linux|All - Build and Deploy.ActiveCfg = Tune|x86
		{2B697A5A-6F51-41A0-BD2D-DA22860FDAD6}.Linux|MonoGL - Build.ActiveCfg = Tune|x86
		{2B697A5A-6F51-41A0-BD2D-DA22860FDAD6}.Linux|WP - Build and Deploy.ActiveCfg = Tune|x86
		{2B697A5A-6F51-41A0-BD2D-DA22860FDAD6}.Linux|x86 - Build.ActiveCfg = Tune|x86
		{2B697A5A-6F51-41A0-BD2D-DA22860FDAD6}.OSX|All - Build.ActiveCfg = Tune|x86
		{2B697A5A-6F51-41A0-BD2D-DA22860FDAD6}.OSX|All - Build and Deploy.ActiveCfg = Tune|x86
		{2B697A5A-6F51-41A0-BD2D-DA22860FDAD6}.OSX|MonoGL - Build.ActiveCfg = Tune|x86
		{2B697A5A-6F51-41A0-BD2D-DA22860FDAD6}.OSX|WP - Build and Deploy.ActiveCfg = Tune|x86
		{2B697A5A-6F51-41A0-BD2D-DA22860FDAD6}.OSX|x86 - Build.ActiveCfg = Tune|x86
		{2B697A5A-6F51-41A0-BD2D-DA22860FDAD6}.PSM|All - Build.ActiveCfg = Tune|x86
		{2B697A5A-6F51-41A0-BD2D-DA22860FDAD6}.PSM|All - Build and Deploy.ActiveCfg = Tune|x86
		{2B697A5A-6F51-41A0-BD2D-DA22860FDAD6}.PSM|MonoGL - Build.ActiveCfg = Tune|x86
		{2B697A5A-6F51-41A0-BD2D-DA22860FDAD6}.PSM|WP - Build and Deploy.ActiveCfg = Tune|x86
		{2B697A5A-6F51-41A0-BD2D-DA22860FDAD6}.PSM|x86 - Build.ActiveCfg = Tune|x86
		{2B697A5A-6F51-41A0-BD2D-DA22860FDAD6}.Release|All - Build.ActiveCfg = Release|x86
		{2B697A5A-6F51-41A0-BD2D-DA22860FDAD6}.Release|All - Build.Build.0 = Release|x86
		{2B697A5A-6F51-41A0-BD2D-DA22860FDAD6}.Release|All - Build and Deploy.ActiveCfg = Release|x86
		{2B697A5A-6F51-41A0-BD2D-DA22860FDAD6}.Release|MonoGL - Build.ActiveCfg = Release|x86
		{2B697A5A-6F51-41A0-BD2D-DA22860FDAD6}.Release|MonoGL - Build.Build.0 = Release|x86
		{2B697A5A-6F51-41A0-BD2D-DA22860FDAD6}.Release|WP - Build and Deploy.ActiveCfg = Release|x86
		{2B697A5A-6F51-41A0-BD2D-DA22860FDAD6}.Release|x86 - Build.ActiveCfg = Release|x86
		{2B697A5A-6F51-41A0-BD2D-DA22860FDAD6}.Tune|All - Build.ActiveCfg = Tune|x86
		{2B697A5A-6F51-41A0-BD2D-DA22860FDAD6}.Tune|All - Build.Build.0 = Tune|x86
		{2B697A5A-6F51-41A0-BD2D-DA22860FDAD6}.Tune|All - Build and Deploy.ActiveCfg = Release|x86
		{2B697A5A-6F51-41A0-BD2D-DA22860FDAD6}.Tune|MonoGL - Build.ActiveCfg = Tune|x86
		{2B697A5A-6F51-41A0-BD2D-DA22860FDAD6}.Tune|MonoGL - Build.Build.0 = Tune|x86
		{2B697A5A-6F51-41A0-BD2D-DA22860FDAD6}.Tune|WP - Build and Deploy.ActiveCfg = Release|x86
		{2B697A5A-6F51-41A0-BD2D-DA22860FDAD6}.Tune|x86 - Build.ActiveCfg = Release|x86
		{2B697A5A-6F51-41A0-BD2D-DA22860FDAD6}.Windows|All - Build.ActiveCfg = Tune|x86
		{2B697A5A-6F51-41A0-BD2D-DA22860FDAD6}.Windows|All - Build and Deploy.ActiveCfg = Tune|x86
		{2B697A5A-6F51-41A0-BD2D-DA22860FDAD6}.Windows|MonoGL - Build.ActiveCfg = Tune|x86
		{2B697A5A-6F51-41A0-BD2D-DA22860FDAD6}.Windows|WP - Build and Deploy.ActiveCfg = Tune|x86
		{2B697A5A-6F51-41A0-BD2D-DA22860FDAD6}.Windows|x86 - Build.ActiveCfg = Tune|x86
		{2B697A5A-6F51-41A0-BD2D-DA22860FDAD6}.Windows8|All - Build.ActiveCfg = Tune|x86
		{2B697A5A-6F51-41A0-BD2D-DA22860FDAD6}.Windows8|All - Build and Deploy.ActiveCfg = Tune|x86
		{2B697A5A-6F51-41A0-BD2D-DA22860FDAD6}.Windows8|MonoGL - Build.ActiveCfg = Tune|x86
		{2B697A5A-6F51-41A0-BD2D-DA22860FDAD6}.Windows8|WP - Build and Deploy.ActiveCfg = Tune|x86
		{2B697A5A-6F51-41A0-BD2D-DA22860FDAD6}.Windows8|x86 - Build.ActiveCfg = Tune|x86
	EndGlobalSection
	GlobalSection(SolutionProperties) = preSolution
		HideSolutionNode = FALSE
	EndGlobalSection
EndGlobal
