
Microsoft Visual Studio Solution File, Format Version 11.00
# Visual Studio 2010 Express for Windows Phone
Project("{FAE04EC0-301F-11D3-BF4B-00C04F79EFBC}") = "BumpSetSpike_WinPhone", "BumpSetSpike\BumpSetSpike\BumpSetSpike_WinPhone.csproj", "{5695A72A-B5D9-497D-BB23-911FFC28123F}"
	ProjectSection(ProjectDependencies) = postProject
		{72C0D2F2-EEB2-49BE-9E06-A2363D619A9E} = {72C0D2F2-EEB2-49BE-9E06-A2363D619A9E}
	EndProjectSection
EndProject
Project("{FAE04EC0-301F-11D3-BF4B-00C04F79EFBC}") = "BumpSetSpikeContent", "BumpSetSpike\BumpSetSpikeContent\BumpSetSpikeContent.contentproj", "{6BE30F98-F158-49C7-B2A4-EEE53B49506C}"
EndProject
Project("{FAE04EC0-301F-11D3-BF4B-00C04F79EFBC}") = "BumpSetSpikeContentDefs_WinPhone", "BumpSetSpikeContentDefs\BumpSetSpikeContentDefs_WinPhone.csproj", "{D139400F-ED92-4819-8290-47CB3FEC44B6}"
EndProject
Project("{FAE04EC0-301F-11D3-BF4B-00C04F79EFBC}") = "MBHEngineContentDefs_WinPhone", "MBHEngineContentDefs\MBHEngineContentDefs_WinPhone.csproj", "{72C0D2F2-EEB2-49BE-9E06-A2363D619A9E}"
EndProject
Project("{FAE04EC0-301F-11D3-BF4B-00C04F79EFBC}") = "MBHEngine_WinPhone", "MBHEngine\MBHEngine_WinPhone.csproj", "{61A977D1-549F-4B3E-9DEB-266D09A36D44}"
EndProject
Project("{FAE04EC0-301F-11D3-BF4B-00C04F79EFBC}") = "MBHEngineContent", "MBHEngine\Content\MBHEngineContent.contentproj", "{6DEDFF34-2E03-4847-863A-F03EA03352CD}"
EndProject
Project("{FAE04EC0-301F-11D3-BF4B-00C04F79EFBC}") = "MBHEngineContentDefs_Win", "MBHEngineContentDefs\MBHEngineContentDefs_Win.csproj", "{6E62B818-4D67-4D74-A3D7-90333DFDB8A7}"
EndProject
Project("{FAE04EC0-301F-11D3-BF4B-00C04F79EFBC}") = "MBHEngine_Win", "MBHEngine\MBHEngine_Win.csproj", "{C96F3CB2-B458-4868-B8FE-43261032498D}"
EndProject
Project("{FAE04EC0-301F-11D3-BF4B-00C04F79EFBC}") = "BumpSetSpikeContentDefs_Win", "BumpSetSpikeContentDefs\BumpSetSpikeContentDefs_Win.csproj", "{8CC40C62-20B4-414E-9766-4231BA9B032C}"
EndProject
Project("{FAE04EC0-301F-11D3-BF4B-00C04F79EFBC}") = "BumpSetSpike_Win", "BumpSetSpike\BumpSetSpike\BumpSetSpike_Win.csproj", "{C287FB09-F7BB-4FB0-BE6F-E62C04D0C4AC}"
EndProject
Project("{FAE04EC0-301F-11D3-BF4B-00C04F79EFBC}") = "BumpSetSpikeContent_Win", "BumpSetSpike\BumpSetSpikeContent\BumpSetSpikeContent_Win.contentproj", "{CCA77479-DECC-4499-A59C-502445CF0A63}"
EndProject
Global
	GlobalSection(SolutionConfigurationPlatforms) = preSolution
		Debug|Any CPU = Debug|Any CPU
		Debug|Mixed Platforms = Debug|Mixed Platforms
		Debug|Windows Phone = Debug|Windows Phone
		Debug|x86 = Debug|x86
		Release|Any CPU = Release|Any CPU
		Release|Mixed Platforms = Release|Mixed Platforms
		Release|Windows Phone = Release|Windows Phone
		Release|x86 = Release|x86
		Tune|Any CPU = Tune|Any CPU
		Tune|Mixed Platforms = Tune|Mixed Platforms
		Tune|Windows Phone = Tune|Windows Phone
		Tune|x86 = Tune|x86
	EndGlobalSection
	GlobalSection(ProjectConfigurationPlatforms) = postSolution
		{5695A72A-B5D9-497D-BB23-911FFC28123F}.Debug|Any CPU.ActiveCfg = Debug|Windows Phone
		{5695A72A-B5D9-497D-BB23-911FFC28123F}.Debug|Mixed Platforms.ActiveCfg = Debug|Windows Phone
		{5695A72A-B5D9-497D-BB23-911FFC28123F}.Debug|Mixed Platforms.Build.0 = Debug|Windows Phone
		{5695A72A-B5D9-497D-BB23-911FFC28123F}.Debug|Mixed Platforms.Deploy.0 = Debug|Windows Phone
		{5695A72A-B5D9-497D-BB23-911FFC28123F}.Debug|Windows Phone.ActiveCfg = Debug|Windows Phone
		{5695A72A-B5D9-497D-BB23-911FFC28123F}.Debug|Windows Phone.Build.0 = Debug|Windows Phone
		{5695A72A-B5D9-497D-BB23-911FFC28123F}.Debug|Windows Phone.Deploy.0 = Debug|Windows Phone
		{5695A72A-B5D9-497D-BB23-911FFC28123F}.Debug|x86.ActiveCfg = Debug|Windows Phone
		{5695A72A-B5D9-497D-BB23-911FFC28123F}.Debug|x86.Build.0 = Debug|Windows Phone
		{5695A72A-B5D9-497D-BB23-911FFC28123F}.Release|Any CPU.ActiveCfg = Release|Windows Phone
		{5695A72A-B5D9-497D-BB23-911FFC28123F}.Release|Mixed Platforms.ActiveCfg = Release|Windows Phone
		{5695A72A-B5D9-497D-BB23-911FFC28123F}.Release|Mixed Platforms.Build.0 = Release|Windows Phone
		{5695A72A-B5D9-497D-BB23-911FFC28123F}.Release|Mixed Platforms.Deploy.0 = Release|Windows Phone
		{5695A72A-B5D9-497D-BB23-911FFC28123F}.Release|Windows Phone.ActiveCfg = Release|Windows Phone
		{5695A72A-B5D9-497D-BB23-911FFC28123F}.Release|Windows Phone.Build.0 = Release|Windows Phone
		{5695A72A-B5D9-497D-BB23-911FFC28123F}.Release|Windows Phone.Deploy.0 = Release|Windows Phone
		{5695A72A-B5D9-497D-BB23-911FFC28123F}.Release|x86.ActiveCfg = Release|Windows Phone
		{5695A72A-B5D9-497D-BB23-911FFC28123F}.Release|x86.Build.0 = Release|Windows Phone
		{5695A72A-B5D9-497D-BB23-911FFC28123F}.Tune|Any CPU.ActiveCfg = Tune|Windows Phone
		{5695A72A-B5D9-497D-BB23-911FFC28123F}.Tune|Mixed Platforms.ActiveCfg = Tune|Windows Phone
		{5695A72A-B5D9-497D-BB23-911FFC28123F}.Tune|Mixed Platforms.Build.0 = Tune|Windows Phone
		{5695A72A-B5D9-497D-BB23-911FFC28123F}.Tune|Mixed Platforms.Deploy.0 = Tune|Windows Phone
		{5695A72A-B5D9-497D-BB23-911FFC28123F}.Tune|Windows Phone.ActiveCfg = Tune|Windows Phone
		{5695A72A-B5D9-497D-BB23-911FFC28123F}.Tune|Windows Phone.Build.0 = Tune|Windows Phone
		{5695A72A-B5D9-497D-BB23-911FFC28123F}.Tune|Windows Phone.Deploy.0 = Tune|Windows Phone
		{5695A72A-B5D9-497D-BB23-911FFC28123F}.Tune|x86.ActiveCfg = Tune|Windows Phone
		{6BE30F98-F158-49C7-B2A4-EEE53B49506C}.Debug|Any CPU.ActiveCfg = Debug|Windows Phone
		{6BE30F98-F158-49C7-B2A4-EEE53B49506C}.Debug|Mixed Platforms.ActiveCfg = Debug|Windows Phone
		{6BE30F98-F158-49C7-B2A4-EEE53B49506C}.Debug|Windows Phone.ActiveCfg = Debug|Windows Phone
		{6BE30F98-F158-49C7-B2A4-EEE53B49506C}.Debug|x86.ActiveCfg = Debug|Windows Phone
		{6BE30F98-F158-49C7-B2A4-EEE53B49506C}.Release|Any CPU.ActiveCfg = Release|Windows Phone
		{6BE30F98-F158-49C7-B2A4-EEE53B49506C}.Release|Mixed Platforms.ActiveCfg = Release|Windows Phone
		{6BE30F98-F158-49C7-B2A4-EEE53B49506C}.Release|Windows Phone.ActiveCfg = Release|Windows Phone
		{6BE30F98-F158-49C7-B2A4-EEE53B49506C}.Release|x86.ActiveCfg = Release|Windows Phone
		{6BE30F98-F158-49C7-B2A4-EEE53B49506C}.Tune|Any CPU.ActiveCfg = Release|Windows Phone
		{6BE30F98-F158-49C7-B2A4-EEE53B49506C}.Tune|Mixed Platforms.ActiveCfg = Release|Windows Phone
		{6BE30F98-F158-49C7-B2A4-EEE53B49506C}.Tune|Windows Phone.ActiveCfg = Release|Windows Phone
		{6BE30F98-F158-49C7-B2A4-EEE53B49506C}.Tune|x86.ActiveCfg = Release|Windows Phone
		{D139400F-ED92-4819-8290-47CB3FEC44B6}.Debug|Any CPU.ActiveCfg = Debug|Windows Phone
		{D139400F-ED92-4819-8290-47CB3FEC44B6}.Debug|Mixed Platforms.ActiveCfg = Debug|Windows Phone
		{D139400F-ED92-4819-8290-47CB3FEC44B6}.Debug|Mixed Platforms.Build.0 = Debug|Windows Phone
		{D139400F-ED92-4819-8290-47CB3FEC44B6}.Debug|Windows Phone.ActiveCfg = Debug|Windows Phone
		{D139400F-ED92-4819-8290-47CB3FEC44B6}.Debug|Windows Phone.Build.0 = Debug|Windows Phone
		{D139400F-ED92-4819-8290-47CB3FEC44B6}.Debug|x86.ActiveCfg = Debug|Windows Phone
		{D139400F-ED92-4819-8290-47CB3FEC44B6}.Debug|x86.Build.0 = Debug|Windows Phone
		{D139400F-ED92-4819-8290-47CB3FEC44B6}.Release|Any CPU.ActiveCfg = Release|Windows Phone
		{D139400F-ED92-4819-8290-47CB3FEC44B6}.Release|Mixed Platforms.ActiveCfg = Release|Windows Phone
		{D139400F-ED92-4819-8290-47CB3FEC44B6}.Release|Mixed Platforms.Build.0 = Release|Windows Phone
		{D139400F-ED92-4819-8290-47CB3FEC44B6}.Release|Windows Phone.ActiveCfg = Release|Windows Phone
		{D139400F-ED92-4819-8290-47CB3FEC44B6}.Release|Windows Phone.Build.0 = Release|Windows Phone
		{D139400F-ED92-4819-8290-47CB3FEC44B6}.Release|x86.ActiveCfg = Release|Windows Phone
		{D139400F-ED92-4819-8290-47CB3FEC44B6}.Release|x86.Build.0 = Release|Windows Phone
		{D139400F-ED92-4819-8290-47CB3FEC44B6}.Tune|Any CPU.ActiveCfg = Tune|Windows Phone
		{D139400F-ED92-4819-8290-47CB3FEC44B6}.Tune|Mixed Platforms.ActiveCfg = Tune|Windows Phone
		{D139400F-ED92-4819-8290-47CB3FEC44B6}.Tune|Mixed Platforms.Build.0 = Tune|Windows Phone
		{D139400F-ED92-4819-8290-47CB3FEC44B6}.Tune|Windows Phone.ActiveCfg = Tune|Windows Phone
		{D139400F-ED92-4819-8290-47CB3FEC44B6}.Tune|Windows Phone.Build.0 = Tune|Windows Phone
		{D139400F-ED92-4819-8290-47CB3FEC44B6}.Tune|x86.ActiveCfg = Tune|Windows Phone
		{72C0D2F2-EEB2-49BE-9E06-A2363D619A9E}.Debug|Any CPU.ActiveCfg = Debug|Windows Phone
		{72C0D2F2-EEB2-49BE-9E06-A2363D619A9E}.Debug|Mixed Platforms.ActiveCfg = Debug|Windows Phone
		{72C0D2F2-EEB2-49BE-9E06-A2363D619A9E}.Debug|Mixed Platforms.Build.0 = Debug|Windows Phone
		{72C0D2F2-EEB2-49BE-9E06-A2363D619A9E}.Debug|Windows Phone.ActiveCfg = Debug|Windows Phone
		{72C0D2F2-EEB2-49BE-9E06-A2363D619A9E}.Debug|Windows Phone.Build.0 = Debug|Windows Phone
		{72C0D2F2-EEB2-49BE-9E06-A2363D619A9E}.Debug|x86.ActiveCfg = Debug|Windows Phone
		{72C0D2F2-EEB2-49BE-9E06-A2363D619A9E}.Debug|x86.Build.0 = Debug|Windows Phone
		{72C0D2F2-EEB2-49BE-9E06-A2363D619A9E}.Release|Any CPU.ActiveCfg = Release|Windows Phone
		{72C0D2F2-EEB2-49BE-9E06-A2363D619A9E}.Release|Mixed Platforms.ActiveCfg = Release|Windows Phone
		{72C0D2F2-EEB2-49BE-9E06-A2363D619A9E}.Release|Mixed Platforms.Build.0 = Release|Windows Phone
		{72C0D2F2-EEB2-49BE-9E06-A2363D619A9E}.Release|Windows Phone.ActiveCfg = Release|Windows Phone
		{72C0D2F2-EEB2-49BE-9E06-A2363D619A9E}.Release|Windows Phone.Build.0 = Release|Windows Phone
		{72C0D2F2-EEB2-49BE-9E06-A2363D619A9E}.Release|x86.ActiveCfg = Release|Windows Phone
		{72C0D2F2-EEB2-49BE-9E06-A2363D619A9E}.Release|x86.Build.0 = Release|Windows Phone
		{72C0D2F2-EEB2-49BE-9E06-A2363D619A9E}.Tune|Any CPU.ActiveCfg = Tune|Windows Phone
		{72C0D2F2-EEB2-49BE-9E06-A2363D619A9E}.Tune|Mixed Platforms.ActiveCfg = Tune|Windows Phone
		{72C0D2F2-EEB2-49BE-9E06-A2363D619A9E}.Tune|Mixed Platforms.Build.0 = Tune|Windows Phone
		{72C0D2F2-EEB2-49BE-9E06-A2363D619A9E}.Tune|Windows Phone.ActiveCfg = Tune|Windows Phone
		{72C0D2F2-EEB2-49BE-9E06-A2363D619A9E}.Tune|Windows Phone.Build.0 = Tune|Windows Phone
		{72C0D2F2-EEB2-49BE-9E06-A2363D619A9E}.Tune|x86.ActiveCfg = Tune|Windows Phone
		{61A977D1-549F-4B3E-9DEB-266D09A36D44}.Debug|Any CPU.ActiveCfg = Debug|Windows Phone
		{61A977D1-549F-4B3E-9DEB-266D09A36D44}.Debug|Mixed Platforms.ActiveCfg = Debug|Windows Phone
		{61A977D1-549F-4B3E-9DEB-266D09A36D44}.Debug|Mixed Platforms.Build.0 = Debug|Windows Phone
		{61A977D1-549F-4B3E-9DEB-266D09A36D44}.Debug|Windows Phone.ActiveCfg = Debug|Windows Phone
		{61A977D1-549F-4B3E-9DEB-266D09A36D44}.Debug|Windows Phone.Build.0 = Debug|Windows Phone
		{61A977D1-549F-4B3E-9DEB-266D09A36D44}.Debug|x86.ActiveCfg = Debug|Windows Phone
		{61A977D1-549F-4B3E-9DEB-266D09A36D44}.Debug|x86.Build.0 = Debug|Windows Phone
		{61A977D1-549F-4B3E-9DEB-266D09A36D44}.Release|Any CPU.ActiveCfg = Release|Windows Phone
		{61A977D1-549F-4B3E-9DEB-266D09A36D44}.Release|Mixed Platforms.ActiveCfg = Release|Windows Phone
		{61A977D1-549F-4B3E-9DEB-266D09A36D44}.Release|Mixed Platforms.Build.0 = Release|Windows Phone
		{61A977D1-549F-4B3E-9DEB-266D09A36D44}.Release|Windows Phone.ActiveCfg = Release|Windows Phone
		{61A977D1-549F-4B3E-9DEB-266D09A36D44}.Release|Windows Phone.Build.0 = Release|Windows Phone
		{61A977D1-549F-4B3E-9DEB-266D09A36D44}.Release|x86.ActiveCfg = Release|Windows Phone
		{61A977D1-549F-4B3E-9DEB-266D09A36D44}.Release|x86.Build.0 = Release|Windows Phone
		{61A977D1-549F-4B3E-9DEB-266D09A36D44}.Tune|Any CPU.ActiveCfg = Tune|Windows Phone
		{61A977D1-549F-4B3E-9DEB-266D09A36D44}.Tune|Mixed Platforms.ActiveCfg = Tune|Windows Phone
		{61A977D1-549F-4B3E-9DEB-266D09A36D44}.Tune|Mixed Platforms.Build.0 = Tune|Windows Phone
		{61A977D1-549F-4B3E-9DEB-266D09A36D44}.Tune|Windows Phone.ActiveCfg = Tune|Windows Phone
		{61A977D1-549F-4B3E-9DEB-266D09A36D44}.Tune|Windows Phone.Build.0 = Tune|Windows Phone
		{61A977D1-549F-4B3E-9DEB-266D09A36D44}.Tune|x86.ActiveCfg = Tune|Windows Phone
		{6DEDFF34-2E03-4847-863A-F03EA03352CD}.Debug|Any CPU.ActiveCfg = Debug|x86
		{6DEDFF34-2E03-4847-863A-F03EA03352CD}.Debug|Mixed Platforms.ActiveCfg = Debug|x86
		{6DEDFF34-2E03-4847-863A-F03EA03352CD}.Debug|Windows Phone.ActiveCfg = Debug|x86
		{6DEDFF34-2E03-4847-863A-F03EA03352CD}.Debug|x86.ActiveCfg = Debug|x86
		{6DEDFF34-2E03-4847-863A-F03EA03352CD}.Release|Any CPU.ActiveCfg = Release|x86
		{6DEDFF34-2E03-4847-863A-F03EA03352CD}.Release|Mixed Platforms.ActiveCfg = Release|x86
		{6DEDFF34-2E03-4847-863A-F03EA03352CD}.Release|Windows Phone.ActiveCfg = Release|x86
		{6DEDFF34-2E03-4847-863A-F03EA03352CD}.Release|x86.ActiveCfg = Release|x86
		{6DEDFF34-2E03-4847-863A-F03EA03352CD}.Tune|Any CPU.ActiveCfg = Release|x86
		{6DEDFF34-2E03-4847-863A-F03EA03352CD}.Tune|Mixed Platforms.ActiveCfg = Release|x86
		{6DEDFF34-2E03-4847-863A-F03EA03352CD}.Tune|Windows Phone.ActiveCfg = Release|x86
		{6DEDFF34-2E03-4847-863A-F03EA03352CD}.Tune|x86.ActiveCfg = Release|x86
		{6E62B818-4D67-4D74-A3D7-90333DFDB8A7}.Debug|Any CPU.ActiveCfg = Debug|x86
		{6E62B818-4D67-4D74-A3D7-90333DFDB8A7}.Debug|Mixed Platforms.ActiveCfg = Debug|x86
		{6E62B818-4D67-4D74-A3D7-90333DFDB8A7}.Debug|Mixed Platforms.Build.0 = Debug|x86
		{6E62B818-4D67-4D74-A3D7-90333DFDB8A7}.Debug|Windows Phone.ActiveCfg = Debug|x86
		{6E62B818-4D67-4D74-A3D7-90333DFDB8A7}.Debug|x86.ActiveCfg = Debug|x86
		{6E62B818-4D67-4D74-A3D7-90333DFDB8A7}.Debug|x86.Build.0 = Debug|x86
		{6E62B818-4D67-4D74-A3D7-90333DFDB8A7}.Release|Any CPU.ActiveCfg = Release|x86
		{6E62B818-4D67-4D74-A3D7-90333DFDB8A7}.Release|Mixed Platforms.ActiveCfg = Release|x86
		{6E62B818-4D67-4D74-A3D7-90333DFDB8A7}.Release|Mixed Platforms.Build.0 = Release|x86
		{6E62B818-4D67-4D74-A3D7-90333DFDB8A7}.Release|Windows Phone.ActiveCfg = Release|x86
		{6E62B818-4D67-4D74-A3D7-90333DFDB8A7}.Release|x86.ActiveCfg = Release|x86
		{6E62B818-4D67-4D74-A3D7-90333DFDB8A7}.Release|x86.Build.0 = Release|x86
		{6E62B818-4D67-4D74-A3D7-90333DFDB8A7}.Tune|Any CPU.ActiveCfg = Tune|x86
		{6E62B818-4D67-4D74-A3D7-90333DFDB8A7}.Tune|Mixed Platforms.ActiveCfg = Tune|x86
		{6E62B818-4D67-4D74-A3D7-90333DFDB8A7}.Tune|Mixed Platforms.Build.0 = Tune|x86
		{6E62B818-4D67-4D74-A3D7-90333DFDB8A7}.Tune|Windows Phone.ActiveCfg = Tune|x86
		{6E62B818-4D67-4D74-A3D7-90333DFDB8A7}.Tune|x86.ActiveCfg = Tune|x86
		{6E62B818-4D67-4D74-A3D7-90333DFDB8A7}.Tune|x86.Build.0 = Tune|x86
		{C96F3CB2-B458-4868-B8FE-43261032498D}.Debug|Any CPU.ActiveCfg = Debug|x86
		{C96F3CB2-B458-4868-B8FE-43261032498D}.Debug|Mixed Platforms.ActiveCfg = Debug|x86
		{C96F3CB2-B458-4868-B8FE-43261032498D}.Debug|Mixed Platforms.Build.0 = Debug|x86
		{C96F3CB2-B458-4868-B8FE-43261032498D}.Debug|Windows Phone.ActiveCfg = Debug|x86
		{C96F3CB2-B458-4868-B8FE-43261032498D}.Debug|x86.ActiveCfg = Debug|x86
		{C96F3CB2-B458-4868-B8FE-43261032498D}.Debug|x86.Build.0 = Debug|x86
		{C96F3CB2-B458-4868-B8FE-43261032498D}.Release|Any CPU.ActiveCfg = Release|x86
		{C96F3CB2-B458-4868-B8FE-43261032498D}.Release|Mixed Platforms.ActiveCfg = Release|x86
		{C96F3CB2-B458-4868-B8FE-43261032498D}.Release|Mixed Platforms.Build.0 = Release|x86
		{C96F3CB2-B458-4868-B8FE-43261032498D}.Release|Windows Phone.ActiveCfg = Release|x86
		{C96F3CB2-B458-4868-B8FE-43261032498D}.Release|x86.ActiveCfg = Release|x86
		{C96F3CB2-B458-4868-B8FE-43261032498D}.Release|x86.Build.0 = Release|x86
		{C96F3CB2-B458-4868-B8FE-43261032498D}.Tune|Any CPU.ActiveCfg = Tune|x86
		{C96F3CB2-B458-4868-B8FE-43261032498D}.Tune|Mixed Platforms.ActiveCfg = Tune|x86
		{C96F3CB2-B458-4868-B8FE-43261032498D}.Tune|Mixed Platforms.Build.0 = Tune|x86
		{C96F3CB2-B458-4868-B8FE-43261032498D}.Tune|Windows Phone.ActiveCfg = Tune|x86
		{C96F3CB2-B458-4868-B8FE-43261032498D}.Tune|x86.ActiveCfg = Tune|x86
		{C96F3CB2-B458-4868-B8FE-43261032498D}.Tune|x86.Build.0 = Tune|x86
		{8CC40C62-20B4-414E-9766-4231BA9B032C}.Debug|Any CPU.ActiveCfg = Debug|x86
		{8CC40C62-20B4-414E-9766-4231BA9B032C}.Debug|Mixed Platforms.ActiveCfg = Debug|x86
		{8CC40C62-20B4-414E-9766-4231BA9B032C}.Debug|Mixed Platforms.Build.0 = Debug|x86
		{8CC40C62-20B4-414E-9766-4231BA9B032C}.Debug|Windows Phone.ActiveCfg = Debug|x86
		{8CC40C62-20B4-414E-9766-4231BA9B032C}.Debug|x86.ActiveCfg = Debug|x86
		{8CC40C62-20B4-414E-9766-4231BA9B032C}.Debug|x86.Build.0 = Debug|x86
		{8CC40C62-20B4-414E-9766-4231BA9B032C}.Release|Any CPU.ActiveCfg = Release|x86
		{8CC40C62-20B4-414E-9766-4231BA9B032C}.Release|Mixed Platforms.ActiveCfg = Release|x86
		{8CC40C62-20B4-414E-9766-4231BA9B032C}.Release|Mixed Platforms.Build.0 = Release|x86
		{8CC40C62-20B4-414E-9766-4231BA9B032C}.Release|Windows Phone.ActiveCfg = Release|x86
		{8CC40C62-20B4-414E-9766-4231BA9B032C}.Release|x86.ActiveCfg = Release|x86
		{8CC40C62-20B4-414E-9766-4231BA9B032C}.Release|x86.Build.0 = Release|x86
		{8CC40C62-20B4-414E-9766-4231BA9B032C}.Tune|Any CPU.ActiveCfg = Tune|x86
		{8CC40C62-20B4-414E-9766-4231BA9B032C}.Tune|Mixed Platforms.ActiveCfg = Tune|x86
		{8CC40C62-20B4-414E-9766-4231BA9B032C}.Tune|Mixed Platforms.Build.0 = Tune|x86
		{8CC40C62-20B4-414E-9766-4231BA9B032C}.Tune|Windows Phone.ActiveCfg = Tune|x86
		{8CC40C62-20B4-414E-9766-4231BA9B032C}.Tune|x86.ActiveCfg = Tune|x86
		{8CC40C62-20B4-414E-9766-4231BA9B032C}.Tune|x86.Build.0 = Tune|x86
		{C287FB09-F7BB-4FB0-BE6F-E62C04D0C4AC}.Debug|Any CPU.ActiveCfg = Debug|x86
		{C287FB09-F7BB-4FB0-BE6F-E62C04D0C4AC}.Debug|Mixed Platforms.ActiveCfg = Debug|x86
		{C287FB09-F7BB-4FB0-BE6F-E62C04D0C4AC}.Debug|Mixed Platforms.Build.0 = Debug|x86
		{C287FB09-F7BB-4FB0-BE6F-E62C04D0C4AC}.Debug|Windows Phone.ActiveCfg = Debug|x86
		{C287FB09-F7BB-4FB0-BE6F-E62C04D0C4AC}.Debug|x86.ActiveCfg = Debug|x86
		{C287FB09-F7BB-4FB0-BE6F-E62C04D0C4AC}.Debug|x86.Build.0 = Debug|x86
		{C287FB09-F7BB-4FB0-BE6F-E62C04D0C4AC}.Release|Any CPU.ActiveCfg = Release|x86
		{C287FB09-F7BB-4FB0-BE6F-E62C04D0C4AC}.Release|Mixed Platforms.ActiveCfg = Release|x86
		{C287FB09-F7BB-4FB0-BE6F-E62C04D0C4AC}.Release|Mixed Platforms.Build.0 = Release|x86
		{C287FB09-F7BB-4FB0-BE6F-E62C04D0C4AC}.Release|Windows Phone.ActiveCfg = Release|x86
		{C287FB09-F7BB-4FB0-BE6F-E62C04D0C4AC}.Release|x86.ActiveCfg = Release|x86
		{C287FB09-F7BB-4FB0-BE6F-E62C04D0C4AC}.Release|x86.Build.0 = Release|x86
		{C287FB09-F7BB-4FB0-BE6F-E62C04D0C4AC}.Tune|Any CPU.ActiveCfg = Tune|x86
		{C287FB09-F7BB-4FB0-BE6F-E62C04D0C4AC}.Tune|Mixed Platforms.ActiveCfg = Tune|x86
		{C287FB09-F7BB-4FB0-BE6F-E62C04D0C4AC}.Tune|Mixed Platforms.Build.0 = Tune|x86
		{C287FB09-F7BB-4FB0-BE6F-E62C04D0C4AC}.Tune|Windows Phone.ActiveCfg = Tune|x86
		{C287FB09-F7BB-4FB0-BE6F-E62C04D0C4AC}.Tune|x86.ActiveCfg = Tune|x86
		{C287FB09-F7BB-4FB0-BE6F-E62C04D0C4AC}.Tune|x86.Build.0 = Tune|x86
		{CCA77479-DECC-4499-A59C-502445CF0A63}.Debug|Any CPU.ActiveCfg = Debug|Any CPU
		{CCA77479-DECC-4499-A59C-502445CF0A63}.Debug|Mixed Platforms.ActiveCfg = Debug|Any CPU
		{CCA77479-DECC-4499-A59C-502445CF0A63}.Debug|Windows Phone.ActiveCfg = Debug|Any CPU
		{CCA77479-DECC-4499-A59C-502445CF0A63}.Debug|x86.ActiveCfg = Debug|Any CPU
		{CCA77479-DECC-4499-A59C-502445CF0A63}.Release|Any CPU.ActiveCfg = Debug|Any CPU
		{CCA77479-DECC-4499-A59C-502445CF0A63}.Release|Mixed Platforms.ActiveCfg = Debug|Any CPU
		{CCA77479-DECC-4499-A59C-502445CF0A63}.Release|Windows Phone.ActiveCfg = Debug|Any CPU
		{CCA77479-DECC-4499-A59C-502445CF0A63}.Release|x86.ActiveCfg = Debug|Any CPU
		{CCA77479-DECC-4499-A59C-502445CF0A63}.Tune|Any CPU.ActiveCfg = Debug|Any CPU
		{CCA77479-DECC-4499-A59C-502445CF0A63}.Tune|Mixed Platforms.ActiveCfg = Debug|Any CPU
		{CCA77479-DECC-4499-A59C-502445CF0A63}.Tune|Windows Phone.ActiveCfg = Debug|Any CPU
		{CCA77479-DECC-4499-A59C-502445CF0A63}.Tune|x86.ActiveCfg = Debug|Any CPU
	EndGlobalSection
	GlobalSection(SolutionProperties) = preSolution
		HideSolutionNode = FALSE
	EndGlobalSection
EndGlobal
